
Microsoft Visual Studio Solution File, Format Version 12.00
# Visual Studio Version 16
VisualStudioVersion = 16.0.31321.278
MinimumVisualStudioVersion = 10.0.40219.1
Project("{8BC9CEB8-8B4A-11D0-8D11-00A0C91BC942}") = "Riemann", "Src\Riemann.vcxproj", "{963280E7-4943-4924-9F87-9C00F1D547D8}"
EndProject
Project("{8BC9CEB8-8B4A-11D0-8D11-00A0C91BC942}") = "Renderer", "Renderer\Renderer.vcxproj", "{EA62DF3F-DAC5-40D8-AEC3-A13EA4B8911F}"
EndProject
Project("{8BC9CEB8-8B4A-11D0-8D11-00A0C91BC942}") = "RiemannViewer", "RiemannViewer\RiemannViewer.vcxproj", "{EA62DF3F-DAC5-41D8-AEC3-A13EA4B8911F}"
	ProjectSection(ProjectDependencies) = postProject
		{EA62DF3F-DAC5-40D8-AEC3-A13EA4B8911F} = {EA62DF3F-DAC5-40D8-AEC3-A13EA4B8911F}
		{963280E7-4943-4924-9F87-9C00F1D547D8} = {963280E7-4943-4924-9F87-9C00F1D547D8}
	EndProjectSection
EndProject
Project("{8BC9CEB8-8B4A-11D0-8D11-00A0C91BC942}") = "Test", "Test\Test.vcxproj", "{3F686359-B526-40A4-834A-CFB2815FB8CC}"
	ProjectSection(ProjectDependencies) = postProject
		{963280E7-4943-4924-9F87-9C00F1D547D8} = {963280E7-4943-4924-9F87-9C00F1D547D8}
	EndProjectSection
EndProject
Global
	GlobalSection(SolutionConfigurationPlatforms) = preSolution
		Debug|x64 = Debug|x64
		Debug|x86 = Debug|x86
		Release|x64 = Release|x64
		Release|x86 = Release|x86
	EndGlobalSection
	GlobalSection(ProjectConfigurationPlatforms) = postSolution
		{963280E7-4943-4924-9F87-9C00F1D547D8}.Debug|x64.ActiveCfg = Debug|x64
		{963280E7-4943-4924-9F87-9C00F1D547D8}.Debug|x64.Build.0 = Debug|x64
		{963280E7-4943-4924-9F87-9C00F1D547D8}.Debug|x86.ActiveCfg = Debug|Win32
		{963280E7-4943-4924-9F87-9C00F1D547D8}.Debug|x86.Build.0 = Debug|Win32
		{963280E7-4943-4924-9F87-9C00F1D547D8}.Release|x64.ActiveCfg = Release|x64
		{963280E7-4943-4924-9F87-9C00F1D547D8}.Release|x64.Build.0 = Release|x64
		{963280E7-4943-4924-9F87-9C00F1D547D8}.Release|x86.ActiveCfg = Release|Win32
		{963280E7-4943-4924-9F87-9C00F1D547D8}.Release|x86.Build.0 = Release|Win32
		{EA62DF3F-DAC5-40D8-AEC3-A13EA4B8911F}.Debug|x64.ActiveCfg = Debug|x64
		{EA62DF3F-DAC5-40D8-AEC3-A13EA4B8911F}.Debug|x64.Build.0 = Debug|x64
		{EA62DF3F-DAC5-40D8-AEC3-A13EA4B8911F}.Debug|x86.ActiveCfg = Debug|Win32
		{EA62DF3F-DAC5-40D8-AEC3-A13EA4B8911F}.Debug|x86.Build.0 = Debug|Win32
		{EA62DF3F-DAC5-40D8-AEC3-A13EA4B8911F}.Release|x64.ActiveCfg = Release|x64
		{EA62DF3F-DAC5-40D8-AEC3-A13EA4B8911F}.Release|x64.Build.0 = Release|x64
		{EA62DF3F-DAC5-40D8-AEC3-A13EA4B8911F}.Release|x86.ActiveCfg = Release|Win32
		{EA62DF3F-DAC5-40D8-AEC3-A13EA4B8911F}.Release|x86.Build.0 = Release|Win32
		{EA62DF3F-DAC5-41D8-AEC3-A13EA4B8911F}.Debug|x64.ActiveCfg = Debug|x64
		{EA62DF3F-DAC5-41D8-AEC3-A13EA4B8911F}.Debug|x64.Build.0 = Debug|x64
		{EA62DF3F-DAC5-41D8-AEC3-A13EA4B8911F}.Debug|x86.ActiveCfg = Debug|Win32
		{EA62DF3F-DAC5-41D8-AEC3-A13EA4B8911F}.Debug|x86.Build.0 = Debug|Win32
		{EA62DF3F-DAC5-41D8-AEC3-A13EA4B8911F}.Release|x64.ActiveCfg = Release|x64
		{EA62DF3F-DAC5-41D8-AEC3-A13EA4B8911F}.Release|x64.Build.0 = Release|x64
		{EA62DF3F-DAC5-41D8-AEC3-A13EA4B8911F}.Release|x86.ActiveCfg = Release|Win32
		{EA62DF3F-DAC5-41D8-AEC3-A13EA4B8911F}.Release|x86.Build.0 = Release|Win32
		{3F686359-B526-40A4-834A-CFB2815FB8CC}.Debug|x64.ActiveCfg = Debug|x64
		{3F686359-B526-40A4-834A-CFB2815FB8CC}.Debug|x64.Build.0 = Debug|x64
		{3F686359-B526-40A4-834A-CFB2815FB8CC}.Debug|x86.ActiveCfg = Debug|Win32
		{3F686359-B526-40A4-834A-CFB2815FB8CC}.Debug|x86.Build.0 = Debug|Win32
		{3F686359-B526-40A4-834A-CFB2815FB8CC}.Release|x64.ActiveCfg = Release|x64
		{3F686359-B526-40A4-834A-CFB2815FB8CC}.Release|x64.Build.0 = Release|x64
		{3F686359-B526-40A4-834A-CFB2815FB8CC}.Release|x86.ActiveCfg = Release|Win32
		{3F686359-B526-40A4-834A-CFB2815FB8CC}.Release|x86.Build.0 = Release|Win32
	EndGlobalSection
	GlobalSection(SolutionProperties) = preSolution
		HideSolutionNode = FALSE
	EndGlobalSection
	GlobalSection(ExtensibilityGlobals) = postSolution
		SolutionGuid = {D4B572CA-DB1E-42B0-99FF-30064241A5BF}
	EndGlobalSection
EndGlobal
