// !$*UTF8*$!
{
	archiveVersion = 1;
	classes = {
	};
	objectVersion = 55;
	objects = {

/* Begin PBXBuildFile section */
		ADDE13182820AE0700809D36 /* BroadPhase.h in Headers */ = {isa = PBXBuildFile; fileRef = ADDE12F92820AE0700809D36 /* BroadPhase.h */; };
		ADDE13192820AE0700809D36 /* GeometryCollection.h in Headers */ = {isa = PBXBuildFile; fileRef = ADDE12FA2820AE0700809D36 /* GeometryCollection.h */; };
		ADDE131A2820AE0700809D36 /* NarrowPhase.cpp in Sources */ = {isa = PBXBuildFile; fileRef = ADDE12FB2820AE0700809D36 /* NarrowPhase.cpp */; };
		ADDE131B2820AE0700809D36 /* NarrowPhase.h in Headers */ = {isa = PBXBuildFile; fileRef = ADDE12FC2820AE0700809D36 /* NarrowPhase.h */; };
		ADDE131C2820AE0700809D36 /* EPA.h in Headers */ = {isa = PBXBuildFile; fileRef = ADDE12FD2820AE0700809D36 /* EPA.h */; };
		ADDE131D2820AE0700809D36 /* AABBTreeInference.h in Headers */ = {isa = PBXBuildFile; fileRef = ADDE12FE2820AE0700809D36 /* AABBTreeInference.h */; };
		ADDE131E2820AE0700809D36 /* AABBTreeOffline.h in Headers */ = {isa = PBXBuildFile; fileRef = ADDE12FF2820AE0700809D36 /* AABBTreeOffline.h */; };
		ADDE131F2820AE0700809D36 /* AABBTreeInference.cpp in Sources */ = {isa = PBXBuildFile; fileRef = ADDE13002820AE0700809D36 /* AABBTreeInference.cpp */; };
		ADDE13202820AE0700809D36 /* GeometryObject.h in Headers */ = {isa = PBXBuildFile; fileRef = ADDE13012820AE0700809D36 /* GeometryObject.h */; };
		ADDE13212820AE0700809D36 /* GeometryIntersection.h in Headers */ = {isa = PBXBuildFile; fileRef = ADDE13022820AE0700809D36 /* GeometryIntersection.h */; };
		ADDE13222820AE0700809D36 /* Minkowski.h in Headers */ = {isa = PBXBuildFile; fileRef = ADDE13032820AE0700809D36 /* Minkowski.h */; };
		ADDE13232820AE0700809D36 /* Simplex.h in Headers */ = {isa = PBXBuildFile; fileRef = ADDE13042820AE0700809D36 /* Simplex.h */; };
		ADDE13242820AE0700809D36 /* SparseSpatialHash.h in Headers */ = {isa = PBXBuildFile; fileRef = ADDE13052820AE0700809D36 /* SparseSpatialHash.h */; };
		ADDE13252820AE0700809D36 /* AABBTree.cpp in Sources */ = {isa = PBXBuildFile; fileRef = ADDE13062820AE0700809D36 /* AABBTree.cpp */; };
		ADDE13262820AE0700809D36 /* BroadPhase.cpp in Sources */ = {isa = PBXBuildFile; fileRef = ADDE13072820AE0700809D36 /* BroadPhase.cpp */; };
		ADDE13272820AE0700809D36 /* GeometryCollection.cpp in Sources */ = {isa = PBXBuildFile; fileRef = ADDE13082820AE0700809D36 /* GeometryCollection.cpp */; };
		ADDE13282820AE0700809D36 /* AABBTreeOffline.cpp in Sources */ = {isa = PBXBuildFile; fileRef = ADDE13092820AE0700809D36 /* AABBTreeOffline.cpp */; };
		ADDE13292820AE0700809D36 /* Contact.h in Headers */ = {isa = PBXBuildFile; fileRef = ADDE130A2820AE0700809D36 /* Contact.h */; };
		ADDE132A2820AE0700809D36 /* ProximityGrid.h in Headers */ = {isa = PBXBuildFile; fileRef = ADDE130B2820AE0700809D36 /* ProximityGrid.h */; };
		ADDE132B2820AE0700809D36 /* DynamicAABBTree.cpp in Sources */ = {isa = PBXBuildFile; fileRef = ADDE130C2820AE0700809D36 /* DynamicAABBTree.cpp */; };
		ADDE132C2820AE0700809D36 /* AABBTree.h in Headers */ = {isa = PBXBuildFile; fileRef = ADDE130D2820AE0700809D36 /* AABBTree.h */; };
		ADDE132D2820AE0700809D36 /* GeometryQuery.cpp in Sources */ = {isa = PBXBuildFile; fileRef = ADDE130E2820AE0700809D36 /* GeometryQuery.cpp */; };
		ADDE132E2820AE0700809D36 /* Contact.cpp in Sources */ = {isa = PBXBuildFile; fileRef = ADDE130F2820AE0700809D36 /* Contact.cpp */; };
		ADDE132F2820AE0700809D36 /* SAP_Incremental.h in Headers */ = {isa = PBXBuildFile; fileRef = ADDE13102820AE0700809D36 /* SAP_Incremental.h */; };
		ADDE13302820AE0700809D36 /* GeometryQuery.h in Headers */ = {isa = PBXBuildFile; fileRef = ADDE13112820AE0700809D36 /* GeometryQuery.h */; };
		ADDE13312820AE0700809D36 /* GeometryObject.cpp in Sources */ = {isa = PBXBuildFile; fileRef = ADDE13122820AE0700809D36 /* GeometryObject.cpp */; };
		ADDE13322820AE0700809D36 /* QuadTree.h in Headers */ = {isa = PBXBuildFile; fileRef = ADDE13132820AE0700809D36 /* QuadTree.h */; };
		ADDE13332820AE0700809D36 /* GeometryIntersection.cpp in Sources */ = {isa = PBXBuildFile; fileRef = ADDE13142820AE0700809D36 /* GeometryIntersection.cpp */; };
		ADDE13342820AE0700809D36 /* DynamicAABBTree.h in Headers */ = {isa = PBXBuildFile; fileRef = ADDE13152820AE0700809D36 /* DynamicAABBTree.h */; };
		ADDE13352820AE0700809D36 /* GJK.h in Headers */ = {isa = PBXBuildFile; fileRef = ADDE13162820AE0700809D36 /* GJK.h */; };
		ADDE13362820AE0700809D36 /* SAP.h in Headers */ = {isa = PBXBuildFile; fileRef = ADDE13172820AE0700809D36 /* SAP.h */; };
		ADDE142E2820AE3100809D36 /* ContinuousBitmap.h in Headers */ = {isa = PBXBuildFile; fileRef = ADDE13AB2820AE3100809D36 /* ContinuousBitmap.h */; };
		ADDE142F2820AE3100809D36 /* ImageProcessing.cpp in Sources */ = {isa = PBXBuildFile; fileRef = ADDE13AC2820AE3100809D36 /* ImageProcessing.cpp */; };
		ADDE14302820AE3100809D36 /* Rasterizer.h in Headers */ = {isa = PBXBuildFile; fileRef = ADDE13AD2820AE3100809D36 /* Rasterizer.h */; };
		ADDE14312820AE3100809D36 /* ImageProcessing.h in Headers */ = {isa = PBXBuildFile; fileRef = ADDE13AE2820AE3100809D36 /* ImageProcessing.h */; };
		ADDE14322820AE3100809D36 /* OrientedBox3d.h in Headers */ = {isa = PBXBuildFile; fileRef = ADDE13B02820AE3100809D36 /* OrientedBox3d.h */; };
		ADDE14332820AE3100809D36 /* Capsule3d.cpp in Sources */ = {isa = PBXBuildFile; fileRef = ADDE13B12820AE3100809D36 /* Capsule3d.cpp */; };
		ADDE14342820AE3100809D36 /* AxisAlignedBox3d.cpp in Sources */ = {isa = PBXBuildFile; fileRef = ADDE13B22820AE3100809D36 /* AxisAlignedBox3d.cpp */; };
		ADDE14352820AE3100809D36 /* TriangleMesh.cpp in Sources */ = {isa = PBXBuildFile; fileRef = ADDE13B32820AE3100809D36 /* TriangleMesh.cpp */; };
		ADDE14362820AE3100809D36 /* OrientedBox3d.cpp in Sources */ = {isa = PBXBuildFile; fileRef = ADDE13B42820AE3100809D36 /* OrientedBox3d.cpp */; };
		ADDE14372820AE3100809D36 /* Ray3d.h in Headers */ = {isa = PBXBuildFile; fileRef = ADDE13B52820AE3100809D36 /* Ray3d.h */; };
		ADDE14382820AE3100809D36 /* HeightField3d.h in Headers */ = {isa = PBXBuildFile; fileRef = ADDE13B62820AE3100809D36 /* HeightField3d.h */; };
		ADDE14392820AE3100809D36 /* Cylinder3d.h in Headers */ = {isa = PBXBuildFile; fileRef = ADDE13B72820AE3100809D36 /* Cylinder3d.h */; };
		ADDE143A2820AE3100809D36 /* Segment3d.cpp in Sources */ = {isa = PBXBuildFile; fileRef = ADDE13B82820AE3100809D36 /* Segment3d.cpp */; };
		ADDE143B2820AE3100809D36 /* Mesh.h in Headers */ = {isa = PBXBuildFile; fileRef = ADDE13B92820AE3100809D36 /* Mesh.h */; };
		ADDE143C2820AE3100809D36 /* MeshBVH4.h in Headers */ = {isa = PBXBuildFile; fileRef = ADDE13BA2820AE3100809D36 /* MeshBVH4.h */; };
		ADDE143D2820AE3100809D36 /* Segment3d.h in Headers */ = {isa = PBXBuildFile; fileRef = ADDE13BB2820AE3100809D36 /* Segment3d.h */; };
		ADDE143E2820AE3100809D36 /* Sphere3d.h in Headers */ = {isa = PBXBuildFile; fileRef = ADDE13BC2820AE3100809D36 /* Sphere3d.h */; };
		ADDE143F2820AE3100809D36 /* Plane3d.h in Headers */ = {isa = PBXBuildFile; fileRef = ADDE13BD2820AE3100809D36 /* Plane3d.h */; };
		ADDE14402820AE3100809D36 /* ConvexMesh.h in Headers */ = {isa = PBXBuildFile; fileRef = ADDE13BE2820AE3100809D36 /* ConvexMesh.h */; };
		ADDE14412820AE3100809D36 /* AxisAlignedBox3d.h in Headers */ = {isa = PBXBuildFile; fileRef = ADDE13BF2820AE3100809D36 /* AxisAlignedBox3d.h */; };
		ADDE14422820AE3100809D36 /* MeshBVH4.cpp in Sources */ = {isa = PBXBuildFile; fileRef = ADDE13C02820AE3100809D36 /* MeshBVH4.cpp */; };
		ADDE14432820AE3100809D36 /* ShapeType.h in Headers */ = {isa = PBXBuildFile; fileRef = ADDE13C12820AE3100809D36 /* ShapeType.h */; };
		ADDE14442820AE3100809D36 /* TriangleMesh.h in Headers */ = {isa = PBXBuildFile; fileRef = ADDE13C22820AE3100809D36 /* TriangleMesh.h */; };
		ADDE14452820AE3100809D36 /* HeightField3d.cpp in Sources */ = {isa = PBXBuildFile; fileRef = ADDE13C32820AE3100809D36 /* HeightField3d.cpp */; };
		ADDE14462820AE3100809D36 /* Triangle3d.h in Headers */ = {isa = PBXBuildFile; fileRef = ADDE13C42820AE3100809D36 /* Triangle3d.h */; };
		ADDE14472820AE3100809D36 /* Point3d.h in Headers */ = {isa = PBXBuildFile; fileRef = ADDE13C52820AE3100809D36 /* Point3d.h */; };
		ADDE14482820AE3100809D36 /* Capsule3d.h in Headers */ = {isa = PBXBuildFile; fileRef = ADDE13C62820AE3100809D36 /* Capsule3d.h */; };
		ADDE14492820AE3100809D36 /* SparseConjugateGradientSolver.h in Headers */ = {isa = PBXBuildFile; fileRef = ADDE13C82820AE3100809D36 /* SparseConjugateGradientSolver.h */; };
		ADDE144A2820AE3100809D36 /* LCPSolver.cpp in Sources */ = {isa = PBXBuildFile; fileRef = ADDE13C92820AE3100809D36 /* LCPSolver.cpp */; };
		ADDE144B2820AE3100809D36 /* NumericalODESolver.cpp in Sources */ = {isa = PBXBuildFile; fileRef = ADDE13CA2820AE3100809D36 /* NumericalODESolver.cpp */; };
		ADDE144C2820AE3100809D36 /* NumericalODESolver.h in Headers */ = {isa = PBXBuildFile; fileRef = ADDE13CB2820AE3100809D36 /* NumericalODESolver.h */; };
		ADDE144D2820AE3100809D36 /* ExponentialIntegrator.h in Headers */ = {isa = PBXBuildFile; fileRef = ADDE13CC2820AE3100809D36 /* ExponentialIntegrator.h */; };
		ADDE144E2820AE3100809D36 /* ProjectiveDynamicsSolver.cpp in Sources */ = {isa = PBXBuildFile; fileRef = ADDE13CD2820AE3100809D36 /* ProjectiveDynamicsSolver.cpp */; };
		ADDE144F2820AE3100809D36 /* NewtonRaphsonIteration.cpp in Sources */ = {isa = PBXBuildFile; fileRef = ADDE13CE2820AE3100809D36 /* NewtonRaphsonIteration.cpp */; };
		ADDE14502820AE3100809D36 /* LCPSolver.h in Headers */ = {isa = PBXBuildFile; fileRef = ADDE13CF2820AE3100809D36 /* LCPSolver.h */; };
		ADDE14512820AE3100809D36 /* NewtonRaphsonIteration.h in Headers */ = {isa = PBXBuildFile; fileRef = ADDE13D02820AE3100809D36 /* NewtonRaphsonIteration.h */; };
		ADDE14522820AE3100809D36 /* ProjectiveDynamicsSolver.h in Headers */ = {isa = PBXBuildFile; fileRef = ADDE13D12820AE3100809D36 /* ProjectiveDynamicsSolver.h */; };
		ADDE14532820AE3100809D36 /* ConjugateGradientSolver.h in Headers */ = {isa = PBXBuildFile; fileRef = ADDE13D22820AE3100809D36 /* ConjugateGradientSolver.h */; };
		ADDE14542820AE3100809D36 /* SGD.h in Headers */ = {isa = PBXBuildFile; fileRef = ADDE13D42820AE3100809D36 /* SGD.h */; };
		ADDE14552820AE3100809D36 /* ConvexHull3D.cpp in Sources */ = {isa = PBXBuildFile; fileRef = ADDE13D62820AE3100809D36 /* ConvexHull3D.cpp */; };
		ADDE14562820AE3100809D36 /* Tetrahedral.h in Headers */ = {isa = PBXBuildFile; fileRef = ADDE13D72820AE3100809D36 /* Tetrahedral.h */; };
		ADDE14572820AE3100809D36 /* VoxelField.h in Headers */ = {isa = PBXBuildFile; fileRef = ADDE13D82820AE3100809D36 /* VoxelField.h */; };
		ADDE14582820AE3100809D36 /* SparseVoxelField.h in Headers */ = {isa = PBXBuildFile; fileRef = ADDE13D92820AE3100809D36 /* SparseVoxelField.h */; };
		ADDE14592820AE3100809D36 /* ConvexHull2D.cpp in Sources */ = {isa = PBXBuildFile; fileRef = ADDE13DA2820AE3100809D36 /* ConvexHull2D.cpp */; };
		ADDE145A2820AE3100809D36 /* VoxelEngine.cpp in Sources */ = {isa = PBXBuildFile; fileRef = ADDE13DB2820AE3100809D36 /* VoxelEngine.cpp */; };
		ADDE145B2820AE3100809D36 /* VoxelEngine.h in Headers */ = {isa = PBXBuildFile; fileRef = ADDE13DC2820AE3100809D36 /* VoxelEngine.h */; };
		ADDE145C2820AE3100809D36 /* Tetrahedral.cpp in Sources */ = {isa = PBXBuildFile; fileRef = ADDE13DD2820AE3100809D36 /* Tetrahedral.cpp */; };
		ADDE145D2820AE3100809D36 /* SparseVoxelField.cpp in Sources */ = {isa = PBXBuildFile; fileRef = ADDE13DE2820AE3100809D36 /* SparseVoxelField.cpp */; };
		ADDE145E2820AE3100809D36 /* Polygon3D.cpp in Sources */ = {isa = PBXBuildFile; fileRef = ADDE13DF2820AE3100809D36 /* Polygon3D.cpp */; };
		ADDE145F2820AE3100809D36 /* ConvexHull2D.h in Headers */ = {isa = PBXBuildFile; fileRef = ADDE13E02820AE3100809D36 /* ConvexHull2D.h */; };
		ADDE14602820AE3100809D36 /* Polygon2D.h in Headers */ = {isa = PBXBuildFile; fileRef = ADDE13E12820AE3100809D36 /* Polygon2D.h */; };
		ADDE14612820AE3100809D36 /* VoxelField.cpp in Sources */ = {isa = PBXBuildFile; fileRef = ADDE13E22820AE3100809D36 /* VoxelField.cpp */; };
		ADDE14622820AE3100809D36 /* ConvexHull3D.h in Headers */ = {isa = PBXBuildFile; fileRef = ADDE13E32820AE3100809D36 /* ConvexHull3D.h */; };
		ADDE14632820AE3100809D36 /* Polygon3D.h in Headers */ = {isa = PBXBuildFile; fileRef = ADDE13E42820AE3100809D36 /* Polygon3D.h */; };
		ADDE14642820AE3100809D36 /* DenseTensorField3d.h in Headers */ = {isa = PBXBuildFile; fileRef = ADDE13E52820AE3100809D36 /* DenseTensorField3d.h */; };
		ADDE14652820AE3100809D36 /* Polygon2D.cpp in Sources */ = {isa = PBXBuildFile; fileRef = ADDE13E62820AE3100809D36 /* Polygon2D.cpp */; };
		ADDE14662820AE3100809D36 /* PhysxFormat_34.hpp in Headers */ = {isa = PBXBuildFile; fileRef = ADDE13E82820AE3100809D36 /* PhysxFormat_34.hpp */; };
		ADDE14672820AE3100809D36 /* Serialization.h in Headers */ = {isa = PBXBuildFile; fileRef = ADDE13E92820AE3100809D36 /* Serialization.h */; };
		ADDE14682820AE3100809D36 /* PhysxBinaryParser.h in Headers */ = {isa = PBXBuildFile; fileRef = ADDE13EA2820AE3100809D36 /* PhysxBinaryParser.h */; };
		ADDE14692820AE3100809D36 /* AnimBinaryParser.cpp in Sources */ = {isa = PBXBuildFile; fileRef = ADDE13EB2820AE3100809D36 /* AnimBinaryParser.cpp */; };
		ADDE146A2820AE3100809D36 /* PhysxFormat_41.hpp in Headers */ = {isa = PBXBuildFile; fileRef = ADDE13EC2820AE3100809D36 /* PhysxFormat_41.hpp */; };
		ADDE146B2820AE3100809D36 /* SimpleBmp.h in Headers */ = {isa = PBXBuildFile; fileRef = ADDE13ED2820AE3100809D36 /* SimpleBmp.h */; };
		ADDE146C2820AE3100809D36 /* PhysxBinaryParser.cpp in Sources */ = {isa = PBXBuildFile; fileRef = ADDE13EE2820AE3100809D36 /* PhysxBinaryParser.cpp */; };
		ADDE146D2820AE3100809D36 /* AnimBinaryParser.h in Headers */ = {isa = PBXBuildFile; fileRef = ADDE13EF2820AE3100809D36 /* AnimBinaryParser.h */; };
		ADDE146E2820AE3100809D36 /* SequentialImpulseSolver.cpp in Sources */ = {isa = PBXBuildFile; fileRef = ADDE13F12820AE3100809D36 /* SequentialImpulseSolver.cpp */; };
		ADDE146F2820AE3100809D36 /* Animation.h in Headers */ = {isa = PBXBuildFile; fileRef = ADDE13F22820AE3100809D36 /* Animation.h */; };
		ADDE14702820AE3100809D36 /* AnimationTree.h in Headers */ = {isa = PBXBuildFile; fileRef = ADDE13F32820AE3100809D36 /* AnimationTree.h */; };
		ADDE14712820AE3100809D36 /* WarmStart.cpp in Sources */ = {isa = PBXBuildFile; fileRef = ADDE13F42820AE3100809D36 /* WarmStart.cpp */; };
		ADDE14722820AE3100809D36 /* MotionIntegration.h in Headers */ = {isa = PBXBuildFile; fileRef = ADDE13F52820AE3100809D36 /* MotionIntegration.h */; };
		ADDE14732820AE3100809D36 /* WarmStart.h in Headers */ = {isa = PBXBuildFile; fileRef = ADDE13F62820AE3100809D36 /* WarmStart.h */; };
		ADDE14742820AE3100809D36 /* RigidBody.cpp in Sources */ = {isa = PBXBuildFile; fileRef = ADDE13F72820AE3100809D36 /* RigidBody.cpp */; };
		ADDE14752820AE3100809D36 /* RigidBodySimulation.h in Headers */ = {isa = PBXBuildFile; fileRef = ADDE13F82820AE3100809D36 /* RigidBodySimulation.h */; };
		ADDE14762820AE3100809D36 /* SequentialImpulseSolver.h in Headers */ = {isa = PBXBuildFile; fileRef = ADDE13F92820AE3100809D36 /* SequentialImpulseSolver.h */; };
		ADDE14772820AE3100809D36 /* PhysicsMaterial.h in Headers */ = {isa = PBXBuildFile; fileRef = ADDE13FA2820AE3100809D36 /* PhysicsMaterial.h */; };
		ADDE14782820AE3100809D36 /* MotionIntegration.cpp in Sources */ = {isa = PBXBuildFile; fileRef = ADDE13FB2820AE3100809D36 /* MotionIntegration.cpp */; };
		ADDE14792820AE3100809D36 /* RigidBody.h in Headers */ = {isa = PBXBuildFile; fileRef = ADDE13FC2820AE3100809D36 /* RigidBody.h */; };
		ADDE147A2820AE3100809D36 /* Animation.cpp in Sources */ = {isa = PBXBuildFile; fileRef = ADDE13FD2820AE3100809D36 /* Animation.cpp */; };
		ADDE147B2820AE3100809D36 /* AnimationTree.cpp in Sources */ = {isa = PBXBuildFile; fileRef = ADDE13FE2820AE3100809D36 /* AnimationTree.cpp */; };
		ADDE147C2820AE3100809D36 /* ForceField.h in Headers */ = {isa = PBXBuildFile; fileRef = ADDE13FF2820AE3100809D36 /* ForceField.h */; };
		ADDE147D2820AE3100809D36 /* RigidBodySimulation.cpp in Sources */ = {isa = PBXBuildFile; fileRef = ADDE14002820AE3100809D36 /* RigidBodySimulation.cpp */; };
		ADDE147E2820AE3100809D36 /* ForceField.cpp in Sources */ = {isa = PBXBuildFile; fileRef = ADDE14012820AE3100809D36 /* ForceField.cpp */; };
		ADDE147F2820AE3100809D36 /* PhysicsEntity.h in Headers */ = {isa = PBXBuildFile; fileRef = ADDE14022820AE3100809D36 /* PhysicsEntity.h */; };
		ADDE14802820AE3100809D36 /* PhysicsMaterial.cpp in Sources */ = {isa = PBXBuildFile; fileRef = ADDE14032820AE3100809D36 /* PhysicsMaterial.cpp */; };
		ADDE14812820AE3100809D36 /* Matrix4d.h in Headers */ = {isa = PBXBuildFile; fileRef = ADDE14052820AE3100809D36 /* Matrix4d.h */; };
		ADDE14822820AE3100809D36 /* Vector4d.h in Headers */ = {isa = PBXBuildFile; fileRef = ADDE14062820AE3100809D36 /* Vector4d.h */; };
		ADDE14832820AE3100809D36 /* Frustum.h in Headers */ = {isa = PBXBuildFile; fileRef = ADDE14072820AE3100809D36 /* Frustum.h */; };
		ADDE14842820AE3100809D36 /* Bezier.cpp in Sources */ = {isa = PBXBuildFile; fileRef = ADDE14082820AE3100809D36 /* Bezier.cpp */; };
		ADDE14852820AE3100809D36 /* Bezier.h in Headers */ = {isa = PBXBuildFile; fileRef = ADDE14092820AE3100809D36 /* Bezier.h */; };
		ADDE14862820AE3100809D36 /* Quaternion.h in Headers */ = {isa = PBXBuildFile; fileRef = ADDE140A2820AE3100809D36 /* Quaternion.h */; };
		ADDE14872820AE3100809D36 /* Box3d.h in Headers */ = {isa = PBXBuildFile; fileRef = ADDE140B2820AE3100809D36 /* Box3d.h */; };
		ADDE14882820AE3100809D36 /* Maths.h in Headers */ = {isa = PBXBuildFile; fileRef = ADDE140C2820AE3100809D36 /* Maths.h */; };
		ADDE14892820AE3100809D36 /* VectorNd.h in Headers */ = {isa = PBXBuildFile; fileRef = ADDE140D2820AE3100809D36 /* VectorNd.h */; };
		ADDE148A2820AE3100809D36 /* Float16.h in Headers */ = {isa = PBXBuildFile; fileRef = ADDE140E2820AE3100809D36 /* Float16.h */; };
		ADDE148B2820AE3100809D36 /* Array.h in Headers */ = {isa = PBXBuildFile; fileRef = ADDE140F2820AE3100809D36 /* Array.h */; };
		ADDE148C2820AE3100809D36 /* SIMD.h in Headers */ = {isa = PBXBuildFile; fileRef = ADDE14102820AE3100809D36 /* SIMD.h */; };
		ADDE148D2820AE3100809D36 /* Transform.h in Headers */ = {isa = PBXBuildFile; fileRef = ADDE14112820AE3100809D36 /* Transform.h */; };
		ADDE148E2820AE3100809D36 /* Stack.h in Headers */ = {isa = PBXBuildFile; fileRef = ADDE14122820AE3100809D36 /* Stack.h */; };
		ADDE148F2820AE3100809D36 /* Matrix3d.cpp in Sources */ = {isa = PBXBuildFile; fileRef = ADDE14132820AE3100809D36 /* Matrix3d.cpp */; };
		ADDE14902820AE3100809D36 /* Matrix2d.h in Headers */ = {isa = PBXBuildFile; fileRef = ADDE14142820AE3100809D36 /* Matrix2d.h */; };
		ADDE14912820AE3100809D36 /* Vector3d.h in Headers */ = {isa = PBXBuildFile; fileRef = ADDE14152820AE3100809D36 /* Vector3d.h */; };
		ADDE14922820AE3100809D36 /* Vector2d.h in Headers */ = {isa = PBXBuildFile; fileRef = ADDE14162820AE3100809D36 /* Vector2d.h */; };
		ADDE14932820AE3100809D36 /* Tensor.h in Headers */ = {isa = PBXBuildFile; fileRef = ADDE14172820AE3100809D36 /* Tensor.h */; };
		ADDE14942820AE3100809D36 /* MatrixMxN.h in Headers */ = {isa = PBXBuildFile; fileRef = ADDE14182820AE3100809D36 /* MatrixMxN.h */; };
		ADDE14952820AE3100809D36 /* Matrix3d.h in Headers */ = {isa = PBXBuildFile; fileRef = ADDE14192820AE3100809D36 /* Matrix3d.h */; };
		ADDE14962820AE3100809D36 /* SparseMatrix.h in Headers */ = {isa = PBXBuildFile; fileRef = ADDE141B2820AE3100809D36 /* SparseMatrix.h */; };
		ADDE14972820AE3100809D36 /* PolarDecomposition.h in Headers */ = {isa = PBXBuildFile; fileRef = ADDE141C2820AE3100809D36 /* PolarDecomposition.h */; };
		ADDE14982820AE3100809D36 /* LUFactorization.h in Headers */ = {isa = PBXBuildFile; fileRef = ADDE141D2820AE3100809D36 /* LUFactorization.h */; };
		ADDE14992820AE3100809D36 /* JacobiIteration_CPU.h in Headers */ = {isa = PBXBuildFile; fileRef = ADDE141E2820AE3100809D36 /* JacobiIteration_CPU.h */; };
		ADDE149A2820AE3100809D36 /* SingularValueDecomposition.h in Headers */ = {isa = PBXBuildFile; fileRef = ADDE141F2820AE3100809D36 /* SingularValueDecomposition.h */; };
		ADDE149B2820AE3100809D36 /* DenseMatrix.h in Headers */ = {isa = PBXBuildFile; fileRef = ADDE14202820AE3100809D36 /* DenseMatrix.h */; };
		ADDE149C2820AE3100809D36 /* EigenValueDecomposition.cpp in Sources */ = {isa = PBXBuildFile; fileRef = ADDE14212820AE3100809D36 /* EigenValueDecomposition.cpp */; };
		ADDE149D2820AE3100809D36 /* DenseMatrix.cpp in Sources */ = {isa = PBXBuildFile; fileRef = ADDE14222820AE3100809D36 /* DenseMatrix.cpp */; };
		ADDE149E2820AE3100809D36 /* EigenValueDecomposition.h in Headers */ = {isa = PBXBuildFile; fileRef = ADDE14232820AE3100809D36 /* EigenValueDecomposition.h */; };
		ADDE149F2820AE3100809D36 /* DenseVector.cpp in Sources */ = {isa = PBXBuildFile; fileRef = ADDE14242820AE3100809D36 /* DenseVector.cpp */; };
		ADDE14A02820AE3100809D36 /* ProjectedGaussSeidel.h in Headers */ = {isa = PBXBuildFile; fileRef = ADDE14252820AE3100809D36 /* ProjectedGaussSeidel.h */; };
		ADDE14A12820AE3100809D36 /* SingularValueDecomposition.cpp in Sources */ = {isa = PBXBuildFile; fileRef = ADDE14262820AE3100809D36 /* SingularValueDecomposition.cpp */; };
		ADDE14A22820AE3100809D36 /* GaussianElimination.h in Headers */ = {isa = PBXBuildFile; fileRef = ADDE14272820AE3100809D36 /* GaussianElimination.h */; };
		ADDE14A32820AE3100809D36 /* DenseVector.h in Headers */ = {isa = PBXBuildFile; fileRef = ADDE14282820AE3100809D36 /* DenseVector.h */; };
		ADDE14A42820AE3100809D36 /* PolarDecomposition.cpp in Sources */ = {isa = PBXBuildFile; fileRef = ADDE14292820AE3100809D36 /* PolarDecomposition.cpp */; };
		ADDE14A52820AE3100809D36 /* GaussSeidelIteration_CPU.h in Headers */ = {isa = PBXBuildFile; fileRef = ADDE142A2820AE3100809D36 /* GaussSeidelIteration_CPU.h */; };
		ADDE14A62820AE3100809D36 /* PositionBasedDynamicsSolver.h in Headers */ = {isa = PBXBuildFile; fileRef = ADDE142C2820AE3100809D36 /* PositionBasedDynamicsSolver.h */; };
		ADDE14A72820AE3100809D36 /* PositionBasedDynamicsSolver.cpp in Sources */ = {isa = PBXBuildFile; fileRef = ADDE142D2820AE3100809D36 /* PositionBasedDynamicsSolver.cpp */; };
		ADDE14B32820B16F00809D36 /* AutonomousController.h in Headers */ = {isa = PBXBuildFile; fileRef = ADDE14AC2820B16F00809D36 /* AutonomousController.h */; };
		ADDE14B42820B16F00809D36 /* LQR.h in Headers */ = {isa = PBXBuildFile; fileRef = ADDE14AD2820B16F00809D36 /* LQR.h */; };
		ADDE14B52820B16F00809D36 /* Vehicle.cpp in Sources */ = {isa = PBXBuildFile; fileRef = ADDE14AE2820B16F00809D36 /* Vehicle.cpp */; };
		ADDE14B62820B16F00809D36 /* Vehicle.h in Headers */ = {isa = PBXBuildFile; fileRef = ADDE14AF2820B16F00809D36 /* Vehicle.h */; };
		ADDE14B72820B16F00809D36 /* MPC.h in Headers */ = {isa = PBXBuildFile; fileRef = ADDE14B02820B16F00809D36 /* MPC.h */; };
		ADDE14B82820B16F00809D36 /* PID.h in Headers */ = {isa = PBXBuildFile; fileRef = ADDE14B12820B16F00809D36 /* PID.h */; };
		ADDE14B92820B16F00809D36 /* AutonomousController.cpp in Sources */ = {isa = PBXBuildFile; fileRef = ADDE14B22820B16F00809D36 /* AutonomousController.cpp */; };
/* End PBXBuildFile section */

/* Begin PBXFileReference section */
		ADDE12F92820AE0700809D36 /* BroadPhase.h */ = {isa = PBXFileReference; fileEncoding = 4; lastKnownFileType = sourcecode.c.h; path = BroadPhase.h; sourceTree = "<group>"; };
		ADDE12FA2820AE0700809D36 /* GeometryCollection.h */ = {isa = PBXFileReference; fileEncoding = 4; lastKnownFileType = sourcecode.c.h; path = GeometryCollection.h; sourceTree = "<group>"; };
		ADDE12FB2820AE0700809D36 /* NarrowPhase.cpp */ = {isa = PBXFileReference; fileEncoding = 4; lastKnownFileType = sourcecode.cpp.cpp; path = NarrowPhase.cpp; sourceTree = "<group>"; };
		ADDE12FC2820AE0700809D36 /* NarrowPhase.h */ = {isa = PBXFileReference; fileEncoding = 4; lastKnownFileType = sourcecode.c.h; path = NarrowPhase.h; sourceTree = "<group>"; };
		ADDE12FD2820AE0700809D36 /* EPA.h */ = {isa = PBXFileReference; fileEncoding = 4; lastKnownFileType = sourcecode.c.h; path = EPA.h; sourceTree = "<group>"; };
		ADDE12FE2820AE0700809D36 /* AABBTreeInference.h */ = {isa = PBXFileReference; fileEncoding = 4; lastKnownFileType = sourcecode.c.h; path = AABBTreeInference.h; sourceTree = "<group>"; };
		ADDE12FF2820AE0700809D36 /* AABBTreeOffline.h */ = {isa = PBXFileReference; fileEncoding = 4; lastKnownFileType = sourcecode.c.h; path = AABBTreeOffline.h; sourceTree = "<group>"; };
		ADDE13002820AE0700809D36 /* AABBTreeInference.cpp */ = {isa = PBXFileReference; fileEncoding = 4; lastKnownFileType = sourcecode.cpp.cpp; path = AABBTreeInference.cpp; sourceTree = "<group>"; };
		ADDE13012820AE0700809D36 /* GeometryObject.h */ = {isa = PBXFileReference; fileEncoding = 4; lastKnownFileType = sourcecode.c.h; path = GeometryObject.h; sourceTree = "<group>"; };
		ADDE13022820AE0700809D36 /* GeometryIntersection.h */ = {isa = PBXFileReference; fileEncoding = 4; lastKnownFileType = sourcecode.c.h; path = GeometryIntersection.h; sourceTree = "<group>"; };
		ADDE13032820AE0700809D36 /* Minkowski.h */ = {isa = PBXFileReference; fileEncoding = 4; lastKnownFileType = sourcecode.c.h; path = Minkowski.h; sourceTree = "<group>"; };
		ADDE13042820AE0700809D36 /* Simplex.h */ = {isa = PBXFileReference; fileEncoding = 4; lastKnownFileType = sourcecode.c.h; path = Simplex.h; sourceTree = "<group>"; };
		ADDE13052820AE0700809D36 /* SparseSpatialHash.h */ = {isa = PBXFileReference; fileEncoding = 4; lastKnownFileType = sourcecode.c.h; path = SparseSpatialHash.h; sourceTree = "<group>"; };
		ADDE13062820AE0700809D36 /* AABBTree.cpp */ = {isa = PBXFileReference; fileEncoding = 4; lastKnownFileType = sourcecode.cpp.cpp; path = AABBTree.cpp; sourceTree = "<group>"; };
		ADDE13072820AE0700809D36 /* BroadPhase.cpp */ = {isa = PBXFileReference; fileEncoding = 4; lastKnownFileType = sourcecode.cpp.cpp; path = BroadPhase.cpp; sourceTree = "<group>"; };
		ADDE13082820AE0700809D36 /* GeometryCollection.cpp */ = {isa = PBXFileReference; fileEncoding = 4; lastKnownFileType = sourcecode.cpp.cpp; path = GeometryCollection.cpp; sourceTree = "<group>"; };
		ADDE13092820AE0700809D36 /* AABBTreeOffline.cpp */ = {isa = PBXFileReference; fileEncoding = 4; lastKnownFileType = sourcecode.cpp.cpp; path = AABBTreeOffline.cpp; sourceTree = "<group>"; };
		ADDE130A2820AE0700809D36 /* Contact.h */ = {isa = PBXFileReference; fileEncoding = 4; lastKnownFileType = sourcecode.c.h; path = Contact.h; sourceTree = "<group>"; };
		ADDE130B2820AE0700809D36 /* ProximityGrid.h */ = {isa = PBXFileReference; fileEncoding = 4; lastKnownFileType = sourcecode.c.h; path = ProximityGrid.h; sourceTree = "<group>"; };
		ADDE130C2820AE0700809D36 /* DynamicAABBTree.cpp */ = {isa = PBXFileReference; fileEncoding = 4; lastKnownFileType = sourcecode.cpp.cpp; path = DynamicAABBTree.cpp; sourceTree = "<group>"; };
		ADDE130D2820AE0700809D36 /* AABBTree.h */ = {isa = PBXFileReference; fileEncoding = 4; lastKnownFileType = sourcecode.c.h; path = AABBTree.h; sourceTree = "<group>"; };
		ADDE130E2820AE0700809D36 /* GeometryQuery.cpp */ = {isa = PBXFileReference; fileEncoding = 4; lastKnownFileType = sourcecode.cpp.cpp; path = GeometryQuery.cpp; sourceTree = "<group>"; };
		ADDE130F2820AE0700809D36 /* Contact.cpp */ = {isa = PBXFileReference; fileEncoding = 4; lastKnownFileType = sourcecode.cpp.cpp; path = Contact.cpp; sourceTree = "<group>"; };
		ADDE13102820AE0700809D36 /* SAP_Incremental.h */ = {isa = PBXFileReference; fileEncoding = 4; lastKnownFileType = sourcecode.c.h; path = SAP_Incremental.h; sourceTree = "<group>"; };
		ADDE13112820AE0700809D36 /* GeometryQuery.h */ = {isa = PBXFileReference; fileEncoding = 4; lastKnownFileType = sourcecode.c.h; path = GeometryQuery.h; sourceTree = "<group>"; };
		ADDE13122820AE0700809D36 /* GeometryObject.cpp */ = {isa = PBXFileReference; fileEncoding = 4; lastKnownFileType = sourcecode.cpp.cpp; path = GeometryObject.cpp; sourceTree = "<group>"; };
		ADDE13132820AE0700809D36 /* QuadTree.h */ = {isa = PBXFileReference; fileEncoding = 4; lastKnownFileType = sourcecode.c.h; path = QuadTree.h; sourceTree = "<group>"; };
		ADDE13142820AE0700809D36 /* GeometryIntersection.cpp */ = {isa = PBXFileReference; fileEncoding = 4; lastKnownFileType = sourcecode.cpp.cpp; path = GeometryIntersection.cpp; sourceTree = "<group>"; };
		ADDE13152820AE0700809D36 /* DynamicAABBTree.h */ = {isa = PBXFileReference; fileEncoding = 4; lastKnownFileType = sourcecode.c.h; path = DynamicAABBTree.h; sourceTree = "<group>"; };
		ADDE13162820AE0700809D36 /* GJK.h */ = {isa = PBXFileReference; fileEncoding = 4; lastKnownFileType = sourcecode.c.h; path = GJK.h; sourceTree = "<group>"; };
		ADDE13172820AE0700809D36 /* SAP.h */ = {isa = PBXFileReference; fileEncoding = 4; lastKnownFileType = sourcecode.c.h; path = SAP.h; sourceTree = "<group>"; };
		ADDE13AB2820AE3100809D36 /* ContinuousBitmap.h */ = {isa = PBXFileReference; fileEncoding = 4; lastKnownFileType = sourcecode.c.h; path = ContinuousBitmap.h; sourceTree = "<group>"; };
		ADDE13AC2820AE3100809D36 /* ImageProcessing.cpp */ = {isa = PBXFileReference; fileEncoding = 4; lastKnownFileType = sourcecode.cpp.cpp; path = ImageProcessing.cpp; sourceTree = "<group>"; };
		ADDE13AD2820AE3100809D36 /* Rasterizer.h */ = {isa = PBXFileReference; fileEncoding = 4; lastKnownFileType = sourcecode.c.h; path = Rasterizer.h; sourceTree = "<group>"; };
		ADDE13AE2820AE3100809D36 /* ImageProcessing.h */ = {isa = PBXFileReference; fileEncoding = 4; lastKnownFileType = sourcecode.c.h; path = ImageProcessing.h; sourceTree = "<group>"; };
		ADDE13B02820AE3100809D36 /* OrientedBox3d.h */ = {isa = PBXFileReference; fileEncoding = 4; lastKnownFileType = sourcecode.c.h; path = OrientedBox3d.h; sourceTree = "<group>"; };
		ADDE13B12820AE3100809D36 /* Capsule3d.cpp */ = {isa = PBXFileReference; fileEncoding = 4; lastKnownFileType = sourcecode.cpp.cpp; path = Capsule3d.cpp; sourceTree = "<group>"; };
		ADDE13B22820AE3100809D36 /* AxisAlignedBox3d.cpp */ = {isa = PBXFileReference; fileEncoding = 4; lastKnownFileType = sourcecode.cpp.cpp; path = AxisAlignedBox3d.cpp; sourceTree = "<group>"; };
		ADDE13B32820AE3100809D36 /* TriangleMesh.cpp */ = {isa = PBXFileReference; fileEncoding = 4; lastKnownFileType = sourcecode.cpp.cpp; path = TriangleMesh.cpp; sourceTree = "<group>"; };
		ADDE13B42820AE3100809D36 /* OrientedBox3d.cpp */ = {isa = PBXFileReference; fileEncoding = 4; lastKnownFileType = sourcecode.cpp.cpp; path = OrientedBox3d.cpp; sourceTree = "<group>"; };
		ADDE13B52820AE3100809D36 /* Ray3d.h */ = {isa = PBXFileReference; fileEncoding = 4; lastKnownFileType = sourcecode.c.h; path = Ray3d.h; sourceTree = "<group>"; };
		ADDE13B62820AE3100809D36 /* HeightField3d.h */ = {isa = PBXFileReference; fileEncoding = 4; lastKnownFileType = sourcecode.c.h; path = HeightField3d.h; sourceTree = "<group>"; };
		ADDE13B72820AE3100809D36 /* Cylinder3d.h */ = {isa = PBXFileReference; fileEncoding = 4; lastKnownFileType = sourcecode.c.h; path = Cylinder3d.h; sourceTree = "<group>"; };
		ADDE13B82820AE3100809D36 /* Segment3d.cpp */ = {isa = PBXFileReference; fileEncoding = 4; lastKnownFileType = sourcecode.cpp.cpp; path = Segment3d.cpp; sourceTree = "<group>"; };
		ADDE13B92820AE3100809D36 /* Mesh.h */ = {isa = PBXFileReference; fileEncoding = 4; lastKnownFileType = sourcecode.c.h; path = Mesh.h; sourceTree = "<group>"; };
		ADDE13BA2820AE3100809D36 /* MeshBVH4.h */ = {isa = PBXFileReference; fileEncoding = 4; lastKnownFileType = sourcecode.c.h; path = MeshBVH4.h; sourceTree = "<group>"; };
		ADDE13BB2820AE3100809D36 /* Segment3d.h */ = {isa = PBXFileReference; fileEncoding = 4; lastKnownFileType = sourcecode.c.h; path = Segment3d.h; sourceTree = "<group>"; };
		ADDE13BC2820AE3100809D36 /* Sphere3d.h */ = {isa = PBXFileReference; fileEncoding = 4; lastKnownFileType = sourcecode.c.h; path = Sphere3d.h; sourceTree = "<group>"; };
		ADDE13BD2820AE3100809D36 /* Plane3d.h */ = {isa = PBXFileReference; fileEncoding = 4; lastKnownFileType = sourcecode.c.h; path = Plane3d.h; sourceTree = "<group>"; };
		ADDE13BE2820AE3100809D36 /* ConvexMesh.h */ = {isa = PBXFileReference; fileEncoding = 4; lastKnownFileType = sourcecode.c.h; path = ConvexMesh.h; sourceTree = "<group>"; };
		ADDE13BF2820AE3100809D36 /* AxisAlignedBox3d.h */ = {isa = PBXFileReference; fileEncoding = 4; lastKnownFileType = sourcecode.c.h; path = AxisAlignedBox3d.h; sourceTree = "<group>"; };
		ADDE13C02820AE3100809D36 /* MeshBVH4.cpp */ = {isa = PBXFileReference; fileEncoding = 4; lastKnownFileType = sourcecode.cpp.cpp; path = MeshBVH4.cpp; sourceTree = "<group>"; };
		ADDE13C12820AE3100809D36 /* ShapeType.h */ = {isa = PBXFileReference; fileEncoding = 4; lastKnownFileType = sourcecode.c.h; path = ShapeType.h; sourceTree = "<group>"; };
		ADDE13C22820AE3100809D36 /* TriangleMesh.h */ = {isa = PBXFileReference; fileEncoding = 4; lastKnownFileType = sourcecode.c.h; path = TriangleMesh.h; sourceTree = "<group>"; };
		ADDE13C32820AE3100809D36 /* HeightField3d.cpp */ = {isa = PBXFileReference; fileEncoding = 4; lastKnownFileType = sourcecode.cpp.cpp; path = HeightField3d.cpp; sourceTree = "<group>"; };
		ADDE13C42820AE3100809D36 /* Triangle3d.h */ = {isa = PBXFileReference; fileEncoding = 4; lastKnownFileType = sourcecode.c.h; path = Triangle3d.h; sourceTree = "<group>"; };
		ADDE13C52820AE3100809D36 /* Point3d.h */ = {isa = PBXFileReference; fileEncoding = 4; lastKnownFileType = sourcecode.c.h; path = Point3d.h; sourceTree = "<group>"; };
		ADDE13C62820AE3100809D36 /* Capsule3d.h */ = {isa = PBXFileReference; fileEncoding = 4; lastKnownFileType = sourcecode.c.h; path = Capsule3d.h; sourceTree = "<group>"; };
		ADDE13C82820AE3100809D36 /* SparseConjugateGradientSolver.h */ = {isa = PBXFileReference; fileEncoding = 4; lastKnownFileType = sourcecode.c.h; path = SparseConjugateGradientSolver.h; sourceTree = "<group>"; };
		ADDE13C92820AE3100809D36 /* LCPSolver.cpp */ = {isa = PBXFileReference; fileEncoding = 4; lastKnownFileType = sourcecode.cpp.cpp; path = LCPSolver.cpp; sourceTree = "<group>"; };
		ADDE13CA2820AE3100809D36 /* NumericalODESolver.cpp */ = {isa = PBXFileReference; fileEncoding = 4; lastKnownFileType = sourcecode.cpp.cpp; path = NumericalODESolver.cpp; sourceTree = "<group>"; };
		ADDE13CB2820AE3100809D36 /* NumericalODESolver.h */ = {isa = PBXFileReference; fileEncoding = 4; lastKnownFileType = sourcecode.c.h; path = NumericalODESolver.h; sourceTree = "<group>"; };
		ADDE13CC2820AE3100809D36 /* ExponentialIntegrator.h */ = {isa = PBXFileReference; fileEncoding = 4; lastKnownFileType = sourcecode.c.h; path = ExponentialIntegrator.h; sourceTree = "<group>"; };
		ADDE13CD2820AE3100809D36 /* ProjectiveDynamicsSolver.cpp */ = {isa = PBXFileReference; fileEncoding = 4; lastKnownFileType = sourcecode.cpp.cpp; path = ProjectiveDynamicsSolver.cpp; sourceTree = "<group>"; };
		ADDE13CE2820AE3100809D36 /* NewtonRaphsonIteration.cpp */ = {isa = PBXFileReference; fileEncoding = 4; lastKnownFileType = sourcecode.cpp.cpp; path = NewtonRaphsonIteration.cpp; sourceTree = "<group>"; };
		ADDE13CF2820AE3100809D36 /* LCPSolver.h */ = {isa = PBXFileReference; fileEncoding = 4; lastKnownFileType = sourcecode.c.h; path = LCPSolver.h; sourceTree = "<group>"; };
		ADDE13D02820AE3100809D36 /* NewtonRaphsonIteration.h */ = {isa = PBXFileReference; fileEncoding = 4; lastKnownFileType = sourcecode.c.h; path = NewtonRaphsonIteration.h; sourceTree = "<group>"; };
		ADDE13D12820AE3100809D36 /* ProjectiveDynamicsSolver.h */ = {isa = PBXFileReference; fileEncoding = 4; lastKnownFileType = sourcecode.c.h; path = ProjectiveDynamicsSolver.h; sourceTree = "<group>"; };
		ADDE13D22820AE3100809D36 /* ConjugateGradientSolver.h */ = {isa = PBXFileReference; fileEncoding = 4; lastKnownFileType = sourcecode.c.h; path = ConjugateGradientSolver.h; sourceTree = "<group>"; };
		ADDE13D42820AE3100809D36 /* SGD.h */ = {isa = PBXFileReference; fileEncoding = 4; lastKnownFileType = sourcecode.c.h; path = SGD.h; sourceTree = "<group>"; };
		ADDE13D62820AE3100809D36 /* ConvexHull3D.cpp */ = {isa = PBXFileReference; fileEncoding = 4; lastKnownFileType = sourcecode.cpp.cpp; path = ConvexHull3D.cpp; sourceTree = "<group>"; };
		ADDE13D72820AE3100809D36 /* Tetrahedral.h */ = {isa = PBXFileReference; fileEncoding = 4; lastKnownFileType = sourcecode.c.h; path = Tetrahedral.h; sourceTree = "<group>"; };
		ADDE13D82820AE3100809D36 /* VoxelField.h */ = {isa = PBXFileReference; fileEncoding = 4; lastKnownFileType = sourcecode.c.h; path = VoxelField.h; sourceTree = "<group>"; };
		ADDE13D92820AE3100809D36 /* SparseVoxelField.h */ = {isa = PBXFileReference; fileEncoding = 4; lastKnownFileType = sourcecode.c.h; path = SparseVoxelField.h; sourceTree = "<group>"; };
		ADDE13DA2820AE3100809D36 /* ConvexHull2D.cpp */ = {isa = PBXFileReference; fileEncoding = 4; lastKnownFileType = sourcecode.cpp.cpp; path = ConvexHull2D.cpp; sourceTree = "<group>"; };
		ADDE13DB2820AE3100809D36 /* VoxelEngine.cpp */ = {isa = PBXFileReference; fileEncoding = 4; lastKnownFileType = sourcecode.cpp.cpp; path = VoxelEngine.cpp; sourceTree = "<group>"; };
		ADDE13DC2820AE3100809D36 /* VoxelEngine.h */ = {isa = PBXFileReference; fileEncoding = 4; lastKnownFileType = sourcecode.c.h; path = VoxelEngine.h; sourceTree = "<group>"; };
		ADDE13DD2820AE3100809D36 /* Tetrahedral.cpp */ = {isa = PBXFileReference; fileEncoding = 4; lastKnownFileType = sourcecode.cpp.cpp; path = Tetrahedral.cpp; sourceTree = "<group>"; };
		ADDE13DE2820AE3100809D36 /* SparseVoxelField.cpp */ = {isa = PBXFileReference; fileEncoding = 4; lastKnownFileType = sourcecode.cpp.cpp; path = SparseVoxelField.cpp; sourceTree = "<group>"; };
		ADDE13DF2820AE3100809D36 /* Polygon3D.cpp */ = {isa = PBXFileReference; fileEncoding = 4; lastKnownFileType = sourcecode.cpp.cpp; path = Polygon3D.cpp; sourceTree = "<group>"; };
		ADDE13E02820AE3100809D36 /* ConvexHull2D.h */ = {isa = PBXFileReference; fileEncoding = 4; lastKnownFileType = sourcecode.c.h; path = ConvexHull2D.h; sourceTree = "<group>"; };
		ADDE13E12820AE3100809D36 /* Polygon2D.h */ = {isa = PBXFileReference; fileEncoding = 4; lastKnownFileType = sourcecode.c.h; path = Polygon2D.h; sourceTree = "<group>"; };
		ADDE13E22820AE3100809D36 /* VoxelField.cpp */ = {isa = PBXFileReference; fileEncoding = 4; lastKnownFileType = sourcecode.cpp.cpp; path = VoxelField.cpp; sourceTree = "<group>"; };
		ADDE13E32820AE3100809D36 /* ConvexHull3D.h */ = {isa = PBXFileReference; fileEncoding = 4; lastKnownFileType = sourcecode.c.h; path = ConvexHull3D.h; sourceTree = "<group>"; };
		ADDE13E42820AE3100809D36 /* Polygon3D.h */ = {isa = PBXFileReference; fileEncoding = 4; lastKnownFileType = sourcecode.c.h; path = Polygon3D.h; sourceTree = "<group>"; };
		ADDE13E52820AE3100809D36 /* DenseTensorField3d.h */ = {isa = PBXFileReference; fileEncoding = 4; lastKnownFileType = sourcecode.c.h; path = DenseTensorField3d.h; sourceTree = "<group>"; };
		ADDE13E62820AE3100809D36 /* Polygon2D.cpp */ = {isa = PBXFileReference; fileEncoding = 4; lastKnownFileType = sourcecode.cpp.cpp; path = Polygon2D.cpp; sourceTree = "<group>"; };
		ADDE13E82820AE3100809D36 /* PhysxFormat_34.hpp */ = {isa = PBXFileReference; fileEncoding = 4; lastKnownFileType = sourcecode.cpp.h; path = PhysxFormat_34.hpp; sourceTree = "<group>"; };
		ADDE13E92820AE3100809D36 /* Serialization.h */ = {isa = PBXFileReference; fileEncoding = 4; lastKnownFileType = sourcecode.c.h; path = Serialization.h; sourceTree = "<group>"; };
		ADDE13EA2820AE3100809D36 /* PhysxBinaryParser.h */ = {isa = PBXFileReference; fileEncoding = 4; lastKnownFileType = sourcecode.c.h; path = PhysxBinaryParser.h; sourceTree = "<group>"; };
		ADDE13EB2820AE3100809D36 /* AnimBinaryParser.cpp */ = {isa = PBXFileReference; fileEncoding = 4; lastKnownFileType = sourcecode.cpp.cpp; path = AnimBinaryParser.cpp; sourceTree = "<group>"; };
		ADDE13EC2820AE3100809D36 /* PhysxFormat_41.hpp */ = {isa = PBXFileReference; fileEncoding = 4; lastKnownFileType = sourcecode.cpp.h; path = PhysxFormat_41.hpp; sourceTree = "<group>"; };
		ADDE13ED2820AE3100809D36 /* SimpleBmp.h */ = {isa = PBXFileReference; fileEncoding = 4; lastKnownFileType = sourcecode.c.h; path = SimpleBmp.h; sourceTree = "<group>"; };
		ADDE13EE2820AE3100809D36 /* PhysxBinaryParser.cpp */ = {isa = PBXFileReference; fileEncoding = 4; lastKnownFileType = sourcecode.cpp.cpp; path = PhysxBinaryParser.cpp; sourceTree = "<group>"; };
		ADDE13EF2820AE3100809D36 /* AnimBinaryParser.h */ = {isa = PBXFileReference; fileEncoding = 4; lastKnownFileType = sourcecode.c.h; path = AnimBinaryParser.h; sourceTree = "<group>"; };
		ADDE13F12820AE3100809D36 /* SequentialImpulseSolver.cpp */ = {isa = PBXFileReference; fileEncoding = 4; lastKnownFileType = sourcecode.cpp.cpp; path = SequentialImpulseSolver.cpp; sourceTree = "<group>"; };
		ADDE13F22820AE3100809D36 /* Animation.h */ = {isa = PBXFileReference; fileEncoding = 4; lastKnownFileType = sourcecode.c.h; path = Animation.h; sourceTree = "<group>"; };
		ADDE13F32820AE3100809D36 /* AnimationTree.h */ = {isa = PBXFileReference; fileEncoding = 4; lastKnownFileType = sourcecode.c.h; path = AnimationTree.h; sourceTree = "<group>"; };
		ADDE13F42820AE3100809D36 /* WarmStart.cpp */ = {isa = PBXFileReference; fileEncoding = 4; lastKnownFileType = sourcecode.cpp.cpp; path = WarmStart.cpp; sourceTree = "<group>"; };
		ADDE13F52820AE3100809D36 /* MotionIntegration.h */ = {isa = PBXFileReference; fileEncoding = 4; lastKnownFileType = sourcecode.c.h; path = MotionIntegration.h; sourceTree = "<group>"; };
		ADDE13F62820AE3100809D36 /* WarmStart.h */ = {isa = PBXFileReference; fileEncoding = 4; lastKnownFileType = sourcecode.c.h; path = WarmStart.h; sourceTree = "<group>"; };
		ADDE13F72820AE3100809D36 /* RigidBody.cpp */ = {isa = PBXFileReference; fileEncoding = 4; lastKnownFileType = sourcecode.cpp.cpp; path = RigidBody.cpp; sourceTree = "<group>"; };
		ADDE13F82820AE3100809D36 /* RigidBodySimulation.h */ = {isa = PBXFileReference; fileEncoding = 4; lastKnownFileType = sourcecode.c.h; path = RigidBodySimulation.h; sourceTree = "<group>"; };
		ADDE13F92820AE3100809D36 /* SequentialImpulseSolver.h */ = {isa = PBXFileReference; fileEncoding = 4; lastKnownFileType = sourcecode.c.h; path = SequentialImpulseSolver.h; sourceTree = "<group>"; };
		ADDE13FA2820AE3100809D36 /* PhysicsMaterial.h */ = {isa = PBXFileReference; fileEncoding = 4; lastKnownFileType = sourcecode.c.h; path = PhysicsMaterial.h; sourceTree = "<group>"; };
		ADDE13FB2820AE3100809D36 /* MotionIntegration.cpp */ = {isa = PBXFileReference; fileEncoding = 4; lastKnownFileType = sourcecode.cpp.cpp; path = MotionIntegration.cpp; sourceTree = "<group>"; };
		ADDE13FC2820AE3100809D36 /* RigidBody.h */ = {isa = PBXFileReference; fileEncoding = 4; lastKnownFileType = sourcecode.c.h; path = RigidBody.h; sourceTree = "<group>"; };
		ADDE13FD2820AE3100809D36 /* Animation.cpp */ = {isa = PBXFileReference; fileEncoding = 4; lastKnownFileType = sourcecode.cpp.cpp; path = Animation.cpp; sourceTree = "<group>"; };
		ADDE13FE2820AE3100809D36 /* AnimationTree.cpp */ = {isa = PBXFileReference; fileEncoding = 4; lastKnownFileType = sourcecode.cpp.cpp; path = AnimationTree.cpp; sourceTree = "<group>"; };
		ADDE13FF2820AE3100809D36 /* ForceField.h */ = {isa = PBXFileReference; fileEncoding = 4; lastKnownFileType = sourcecode.c.h; path = ForceField.h; sourceTree = "<group>"; };
		ADDE14002820AE3100809D36 /* RigidBodySimulation.cpp */ = {isa = PBXFileReference; fileEncoding = 4; lastKnownFileType = sourcecode.cpp.cpp; path = RigidBodySimulation.cpp; sourceTree = "<group>"; };
		ADDE14012820AE3100809D36 /* ForceField.cpp */ = {isa = PBXFileReference; fileEncoding = 4; lastKnownFileType = sourcecode.cpp.cpp; path = ForceField.cpp; sourceTree = "<group>"; };
		ADDE14022820AE3100809D36 /* PhysicsEntity.h */ = {isa = PBXFileReference; fileEncoding = 4; lastKnownFileType = sourcecode.c.h; path = PhysicsEntity.h; sourceTree = "<group>"; };
		ADDE14032820AE3100809D36 /* PhysicsMaterial.cpp */ = {isa = PBXFileReference; fileEncoding = 4; lastKnownFileType = sourcecode.cpp.cpp; path = PhysicsMaterial.cpp; sourceTree = "<group>"; };
		ADDE14052820AE3100809D36 /* Matrix4d.h */ = {isa = PBXFileReference; fileEncoding = 4; lastKnownFileType = sourcecode.c.h; path = Matrix4d.h; sourceTree = "<group>"; };
		ADDE14062820AE3100809D36 /* Vector4d.h */ = {isa = PBXFileReference; fileEncoding = 4; lastKnownFileType = sourcecode.c.h; path = Vector4d.h; sourceTree = "<group>"; };
		ADDE14072820AE3100809D36 /* Frustum.h */ = {isa = PBXFileReference; fileEncoding = 4; lastKnownFileType = sourcecode.c.h; path = Frustum.h; sourceTree = "<group>"; };
		ADDE14082820AE3100809D36 /* Bezier.cpp */ = {isa = PBXFileReference; fileEncoding = 4; lastKnownFileType = sourcecode.cpp.cpp; path = Bezier.cpp; sourceTree = "<group>"; };
		ADDE14092820AE3100809D36 /* Bezier.h */ = {isa = PBXFileReference; fileEncoding = 4; lastKnownFileType = sourcecode.c.h; path = Bezier.h; sourceTree = "<group>"; };
		ADDE140A2820AE3100809D36 /* Quaternion.h */ = {isa = PBXFileReference; fileEncoding = 4; lastKnownFileType = sourcecode.c.h; path = Quaternion.h; sourceTree = "<group>"; };
		ADDE140B2820AE3100809D36 /* Box3d.h */ = {isa = PBXFileReference; fileEncoding = 4; lastKnownFileType = sourcecode.c.h; path = Box3d.h; sourceTree = "<group>"; };
		ADDE140C2820AE3100809D36 /* Maths.h */ = {isa = PBXFileReference; fileEncoding = 4; lastKnownFileType = sourcecode.c.h; path = Maths.h; sourceTree = "<group>"; };
		ADDE140D2820AE3100809D36 /* VectorNd.h */ = {isa = PBXFileReference; fileEncoding = 4; lastKnownFileType = sourcecode.c.h; path = VectorNd.h; sourceTree = "<group>"; };
		ADDE140E2820AE3100809D36 /* Float16.h */ = {isa = PBXFileReference; fileEncoding = 4; lastKnownFileType = sourcecode.c.h; path = Float16.h; sourceTree = "<group>"; };
		ADDE140F2820AE3100809D36 /* Array.h */ = {isa = PBXFileReference; fileEncoding = 4; lastKnownFileType = sourcecode.c.h; path = Array.h; sourceTree = "<group>"; };
		ADDE14102820AE3100809D36 /* SIMD.h */ = {isa = PBXFileReference; fileEncoding = 4; lastKnownFileType = sourcecode.c.h; path = SIMD.h; sourceTree = "<group>"; };
		ADDE14112820AE3100809D36 /* Transform.h */ = {isa = PBXFileReference; fileEncoding = 4; lastKnownFileType = sourcecode.c.h; path = Transform.h; sourceTree = "<group>"; };
		ADDE14122820AE3100809D36 /* Stack.h */ = {isa = PBXFileReference; fileEncoding = 4; lastKnownFileType = sourcecode.c.h; path = Stack.h; sourceTree = "<group>"; };
		ADDE14132820AE3100809D36 /* Matrix3d.cpp */ = {isa = PBXFileReference; fileEncoding = 4; lastKnownFileType = sourcecode.cpp.cpp; path = Matrix3d.cpp; sourceTree = "<group>"; };
		ADDE14142820AE3100809D36 /* Matrix2d.h */ = {isa = PBXFileReference; fileEncoding = 4; lastKnownFileType = sourcecode.c.h; path = Matrix2d.h; sourceTree = "<group>"; };
		ADDE14152820AE3100809D36 /* Vector3d.h */ = {isa = PBXFileReference; fileEncoding = 4; lastKnownFileType = sourcecode.c.h; path = Vector3d.h; sourceTree = "<group>"; };
		ADDE14162820AE3100809D36 /* Vector2d.h */ = {isa = PBXFileReference; fileEncoding = 4; lastKnownFileType = sourcecode.c.h; path = Vector2d.h; sourceTree = "<group>"; };
		ADDE14172820AE3100809D36 /* Tensor.h */ = {isa = PBXFileReference; fileEncoding = 4; lastKnownFileType = sourcecode.c.h; path = Tensor.h; sourceTree = "<group>"; };
		ADDE14182820AE3100809D36 /* MatrixMxN.h */ = {isa = PBXFileReference; fileEncoding = 4; lastKnownFileType = sourcecode.c.h; path = MatrixMxN.h; sourceTree = "<group>"; };
		ADDE14192820AE3100809D36 /* Matrix3d.h */ = {isa = PBXFileReference; fileEncoding = 4; lastKnownFileType = sourcecode.c.h; path = Matrix3d.h; sourceTree = "<group>"; };
		ADDE141B2820AE3100809D36 /* SparseMatrix.h */ = {isa = PBXFileReference; fileEncoding = 4; lastKnownFileType = sourcecode.c.h; path = SparseMatrix.h; sourceTree = "<group>"; };
		ADDE141C2820AE3100809D36 /* PolarDecomposition.h */ = {isa = PBXFileReference; fileEncoding = 4; lastKnownFileType = sourcecode.c.h; path = PolarDecomposition.h; sourceTree = "<group>"; };
		ADDE141D2820AE3100809D36 /* LUFactorization.h */ = {isa = PBXFileReference; fileEncoding = 4; lastKnownFileType = sourcecode.c.h; path = LUFactorization.h; sourceTree = "<group>"; };
		ADDE141E2820AE3100809D36 /* JacobiIteration_CPU.h */ = {isa = PBXFileReference; fileEncoding = 4; lastKnownFileType = sourcecode.c.h; path = JacobiIteration_CPU.h; sourceTree = "<group>"; };
		ADDE141F2820AE3100809D36 /* SingularValueDecomposition.h */ = {isa = PBXFileReference; fileEncoding = 4; lastKnownFileType = sourcecode.c.h; path = SingularValueDecomposition.h; sourceTree = "<group>"; };
		ADDE14202820AE3100809D36 /* DenseMatrix.h */ = {isa = PBXFileReference; fileEncoding = 4; lastKnownFileType = sourcecode.c.h; path = DenseMatrix.h; sourceTree = "<group>"; };
		ADDE14212820AE3100809D36 /* EigenValueDecomposition.cpp */ = {isa = PBXFileReference; fileEncoding = 4; lastKnownFileType = sourcecode.cpp.cpp; path = EigenValueDecomposition.cpp; sourceTree = "<group>"; };
		ADDE14222820AE3100809D36 /* DenseMatrix.cpp */ = {isa = PBXFileReference; fileEncoding = 4; lastKnownFileType = sourcecode.cpp.cpp; path = DenseMatrix.cpp; sourceTree = "<group>"; };
		ADDE14232820AE3100809D36 /* EigenValueDecomposition.h */ = {isa = PBXFileReference; fileEncoding = 4; lastKnownFileType = sourcecode.c.h; path = EigenValueDecomposition.h; sourceTree = "<group>"; };
		ADDE14242820AE3100809D36 /* DenseVector.cpp */ = {isa = PBXFileReference; fileEncoding = 4; lastKnownFileType = sourcecode.cpp.cpp; path = DenseVector.cpp; sourceTree = "<group>"; };
		ADDE14252820AE3100809D36 /* ProjectedGaussSeidel.h */ = {isa = PBXFileReference; fileEncoding = 4; lastKnownFileType = sourcecode.c.h; path = ProjectedGaussSeidel.h; sourceTree = "<group>"; };
		ADDE14262820AE3100809D36 /* SingularValueDecomposition.cpp */ = {isa = PBXFileReference; fileEncoding = 4; lastKnownFileType = sourcecode.cpp.cpp; path = SingularValueDecomposition.cpp; sourceTree = "<group>"; };
		ADDE14272820AE3100809D36 /* GaussianElimination.h */ = {isa = PBXFileReference; fileEncoding = 4; lastKnownFileType = sourcecode.c.h; path = GaussianElimination.h; sourceTree = "<group>"; };
		ADDE14282820AE3100809D36 /* DenseVector.h */ = {isa = PBXFileReference; fileEncoding = 4; lastKnownFileType = sourcecode.c.h; path = DenseVector.h; sourceTree = "<group>"; };
		ADDE14292820AE3100809D36 /* PolarDecomposition.cpp */ = {isa = PBXFileReference; fileEncoding = 4; lastKnownFileType = sourcecode.cpp.cpp; path = PolarDecomposition.cpp; sourceTree = "<group>"; };
		ADDE142A2820AE3100809D36 /* GaussSeidelIteration_CPU.h */ = {isa = PBXFileReference; fileEncoding = 4; lastKnownFileType = sourcecode.c.h; path = GaussSeidelIteration_CPU.h; sourceTree = "<group>"; };
		ADDE142C2820AE3100809D36 /* PositionBasedDynamicsSolver.h */ = {isa = PBXFileReference; fileEncoding = 4; lastKnownFileType = sourcecode.c.h; path = PositionBasedDynamicsSolver.h; sourceTree = "<group>"; };
		ADDE142D2820AE3100809D36 /* PositionBasedDynamicsSolver.cpp */ = {isa = PBXFileReference; fileEncoding = 4; lastKnownFileType = sourcecode.cpp.cpp; path = PositionBasedDynamicsSolver.cpp; sourceTree = "<group>"; };
		ADDE14AC2820B16F00809D36 /* AutonomousController.h */ = {isa = PBXFileReference; fileEncoding = 4; lastKnownFileType = sourcecode.c.h; path = AutonomousController.h; sourceTree = "<group>"; };
		ADDE14AD2820B16F00809D36 /* LQR.h */ = {isa = PBXFileReference; fileEncoding = 4; lastKnownFileType = sourcecode.c.h; path = LQR.h; sourceTree = "<group>"; };
		ADDE14AE2820B16F00809D36 /* Vehicle.cpp */ = {isa = PBXFileReference; fileEncoding = 4; lastKnownFileType = sourcecode.cpp.cpp; path = Vehicle.cpp; sourceTree = "<group>"; };
		ADDE14AF2820B16F00809D36 /* Vehicle.h */ = {isa = PBXFileReference; fileEncoding = 4; lastKnownFileType = sourcecode.c.h; path = Vehicle.h; sourceTree = "<group>"; };
		ADDE14B02820B16F00809D36 /* MPC.h */ = {isa = PBXFileReference; fileEncoding = 4; lastKnownFileType = sourcecode.c.h; path = MPC.h; sourceTree = "<group>"; };
		ADDE14B12820B16F00809D36 /* PID.h */ = {isa = PBXFileReference; fileEncoding = 4; lastKnownFileType = sourcecode.c.h; path = PID.h; sourceTree = "<group>"; };
		ADDE14B22820B16F00809D36 /* AutonomousController.cpp */ = {isa = PBXFileReference; fileEncoding = 4; lastKnownFileType = sourcecode.cpp.cpp; path = AutonomousController.cpp; sourceTree = "<group>"; };
		ADE742E12820A994007DEEB3 /* libRiemann.a */ = {isa = PBXFileReference; explicitFileType = archive.ar; includeInIndex = 0; path = libRiemann.a; sourceTree = BUILT_PRODUCTS_DIR; };
/* End PBXFileReference section */

/* Begin PBXFrameworksBuildPhase section */
		ADE742DF2820A994007DEEB3 /* Frameworks */ = {
			isa = PBXFrameworksBuildPhase;
			buildActionMask = 2147483647;
			files = (
			);
			runOnlyForDeploymentPostprocessing = 0;
		};
/* End PBXFrameworksBuildPhase section */

/* Begin PBXGroup section */
		ADDE12F82820AE0700809D36 /* Collision */ = {
			isa = PBXGroup;
			children = (
				ADDE13062820AE0700809D36 /* AABBTree.cpp */,
				ADDE130D2820AE0700809D36 /* AABBTree.h */,
				ADDE13002820AE0700809D36 /* AABBTreeInference.cpp */,
				ADDE12FE2820AE0700809D36 /* AABBTreeInference.h */,
				ADDE13092820AE0700809D36 /* AABBTreeOffline.cpp */,
				ADDE12FF2820AE0700809D36 /* AABBTreeOffline.h */,
				ADDE13072820AE0700809D36 /* BroadPhase.cpp */,
				ADDE12F92820AE0700809D36 /* BroadPhase.h */,
				ADDE130F2820AE0700809D36 /* Contact.cpp */,
				ADDE130A2820AE0700809D36 /* Contact.h */,
				ADDE130C2820AE0700809D36 /* DynamicAABBTree.cpp */,
				ADDE13152820AE0700809D36 /* DynamicAABBTree.h */,
				ADDE12FD2820AE0700809D36 /* EPA.h */,
				ADDE13082820AE0700809D36 /* GeometryCollection.cpp */,
				ADDE12FA2820AE0700809D36 /* GeometryCollection.h */,
				ADDE13142820AE0700809D36 /* GeometryIntersection.cpp */,
				ADDE13022820AE0700809D36 /* GeometryIntersection.h */,
				ADDE13122820AE0700809D36 /* GeometryObject.cpp */,
				ADDE13012820AE0700809D36 /* GeometryObject.h */,
				ADDE130E2820AE0700809D36 /* GeometryQuery.cpp */,
				ADDE13112820AE0700809D36 /* GeometryQuery.h */,
				ADDE13162820AE0700809D36 /* GJK.h */,
				ADDE13032820AE0700809D36 /* Minkowski.h */,
				ADDE12FB2820AE0700809D36 /* NarrowPhase.cpp */,
				ADDE12FC2820AE0700809D36 /* NarrowPhase.h */,
				ADDE130B2820AE0700809D36 /* ProximityGrid.h */,
				ADDE13132820AE0700809D36 /* QuadTree.h */,
				ADDE13102820AE0700809D36 /* SAP_Incremental.h */,
				ADDE13172820AE0700809D36 /* SAP.h */,
				ADDE13042820AE0700809D36 /* Simplex.h */,
				ADDE13052820AE0700809D36 /* SparseSpatialHash.h */,
			);
			path = Collision;
			sourceTree = "<group>";
		};
		ADDE13AA2820AE3100809D36 /* ImageSpace */ = {
			isa = PBXGroup;
			children = (
				ADDE13AB2820AE3100809D36 /* ContinuousBitmap.h */,
				ADDE13AC2820AE3100809D36 /* ImageProcessing.cpp */,
				ADDE13AE2820AE3100809D36 /* ImageProcessing.h */,
				ADDE13AD2820AE3100809D36 /* Rasterizer.h */,
			);
			path = ImageSpace;
			sourceTree = "<group>";
		};
		ADDE13AF2820AE3100809D36 /* CollisionPrimitive */ = {
			isa = PBXGroup;
			children = (
				ADDE13B22820AE3100809D36 /* AxisAlignedBox3d.cpp */,
				ADDE13BF2820AE3100809D36 /* AxisAlignedBox3d.h */,
				ADDE13B12820AE3100809D36 /* Capsule3d.cpp */,
				ADDE13C62820AE3100809D36 /* Capsule3d.h */,
				ADDE13BE2820AE3100809D36 /* ConvexMesh.h */,
				ADDE13B72820AE3100809D36 /* Cylinder3d.h */,
				ADDE13C32820AE3100809D36 /* HeightField3d.cpp */,
				ADDE13B62820AE3100809D36 /* HeightField3d.h */,
				ADDE13B92820AE3100809D36 /* Mesh.h */,
				ADDE13C02820AE3100809D36 /* MeshBVH4.cpp */,
				ADDE13BA2820AE3100809D36 /* MeshBVH4.h */,
				ADDE13B42820AE3100809D36 /* OrientedBox3d.cpp */,
				ADDE13B02820AE3100809D36 /* OrientedBox3d.h */,
				ADDE13BD2820AE3100809D36 /* Plane3d.h */,
				ADDE13C52820AE3100809D36 /* Point3d.h */,
				ADDE13B52820AE3100809D36 /* Ray3d.h */,
				ADDE13B82820AE3100809D36 /* Segment3d.cpp */,
				ADDE13BB2820AE3100809D36 /* Segment3d.h */,
				ADDE13C12820AE3100809D36 /* ShapeType.h */,
				ADDE13BC2820AE3100809D36 /* Sphere3d.h */,
				ADDE13C42820AE3100809D36 /* Triangle3d.h */,
				ADDE13B32820AE3100809D36 /* TriangleMesh.cpp */,
				ADDE13C22820AE3100809D36 /* TriangleMesh.h */,
			);
			path = CollisionPrimitive;
			sourceTree = "<group>";
		};
		ADDE13C72820AE3100809D36 /* Solver */ = {
			isa = PBXGroup;
			children = (
				ADDE13D22820AE3100809D36 /* ConjugateGradientSolver.h */,
				ADDE13CC2820AE3100809D36 /* ExponentialIntegrator.h */,
				ADDE13C92820AE3100809D36 /* LCPSolver.cpp */,
				ADDE13CF2820AE3100809D36 /* LCPSolver.h */,
				ADDE13CE2820AE3100809D36 /* NewtonRaphsonIteration.cpp */,
				ADDE13D02820AE3100809D36 /* NewtonRaphsonIteration.h */,
				ADDE13CA2820AE3100809D36 /* NumericalODESolver.cpp */,
				ADDE13CB2820AE3100809D36 /* NumericalODESolver.h */,
				ADDE13CD2820AE3100809D36 /* ProjectiveDynamicsSolver.cpp */,
				ADDE13D12820AE3100809D36 /* ProjectiveDynamicsSolver.h */,
				ADDE13C82820AE3100809D36 /* SparseConjugateGradientSolver.h */,
			);
			path = Solver;
			sourceTree = "<group>";
		};
		ADDE13D32820AE3100809D36 /* Optimization */ = {
			isa = PBXGroup;
			children = (
				ADDE13D42820AE3100809D36 /* SGD.h */,
			);
			path = Optimization;
			sourceTree = "<group>";
		};
		ADDE13D52820AE3100809D36 /* Geometry */ = {
			isa = PBXGroup;
			children = (
				ADDE13DA2820AE3100809D36 /* ConvexHull2D.cpp */,
				ADDE13E02820AE3100809D36 /* ConvexHull2D.h */,
				ADDE13D62820AE3100809D36 /* ConvexHull3D.cpp */,
				ADDE13E32820AE3100809D36 /* ConvexHull3D.h */,
				ADDE13E52820AE3100809D36 /* DenseTensorField3d.h */,
				ADDE13E62820AE3100809D36 /* Polygon2D.cpp */,
				ADDE13E12820AE3100809D36 /* Polygon2D.h */,
				ADDE13DF2820AE3100809D36 /* Polygon3D.cpp */,
				ADDE13E42820AE3100809D36 /* Polygon3D.h */,
				ADDE13DE2820AE3100809D36 /* SparseVoxelField.cpp */,
				ADDE13D92820AE3100809D36 /* SparseVoxelField.h */,
				ADDE13DD2820AE3100809D36 /* Tetrahedral.cpp */,
				ADDE13D72820AE3100809D36 /* Tetrahedral.h */,
				ADDE13DB2820AE3100809D36 /* VoxelEngine.cpp */,
				ADDE13DC2820AE3100809D36 /* VoxelEngine.h */,
				ADDE13E22820AE3100809D36 /* VoxelField.cpp */,
				ADDE13D82820AE3100809D36 /* VoxelField.h */,
			);
			path = Geometry;
			sourceTree = "<group>";
		};
		ADDE13E72820AE3100809D36 /* Tools */ = {
			isa = PBXGroup;
			children = (
				ADDE13EB2820AE3100809D36 /* AnimBinaryParser.cpp */,
				ADDE13EF2820AE3100809D36 /* AnimBinaryParser.h */,
				ADDE13EE2820AE3100809D36 /* PhysxBinaryParser.cpp */,
				ADDE13EA2820AE3100809D36 /* PhysxBinaryParser.h */,
				ADDE13E82820AE3100809D36 /* PhysxFormat_34.hpp */,
				ADDE13EC2820AE3100809D36 /* PhysxFormat_41.hpp */,
				ADDE13E92820AE3100809D36 /* Serialization.h */,
				ADDE13ED2820AE3100809D36 /* SimpleBmp.h */,
			);
			path = Tools;
			sourceTree = "<group>";
		};
		ADDE13F02820AE3100809D36 /* RigidBodyDynamics */ = {
			isa = PBXGroup;
			children = (
				ADDE13FD2820AE3100809D36 /* Animation.cpp */,
				ADDE13F22820AE3100809D36 /* Animation.h */,
				ADDE13FE2820AE3100809D36 /* AnimationTree.cpp */,
				ADDE13F32820AE3100809D36 /* AnimationTree.h */,
				ADDE14012820AE3100809D36 /* ForceField.cpp */,
				ADDE13FF2820AE3100809D36 /* ForceField.h */,
				ADDE13FB2820AE3100809D36 /* MotionIntegration.cpp */,
				ADDE13F52820AE3100809D36 /* MotionIntegration.h */,
				ADDE14022820AE3100809D36 /* PhysicsEntity.h */,
				ADDE14032820AE3100809D36 /* PhysicsMaterial.cpp */,
				ADDE13FA2820AE3100809D36 /* PhysicsMaterial.h */,
				ADDE13F72820AE3100809D36 /* RigidBody.cpp */,
				ADDE13FC2820AE3100809D36 /* RigidBody.h */,
				ADDE14002820AE3100809D36 /* RigidBodySimulation.cpp */,
				ADDE13F82820AE3100809D36 /* RigidBodySimulation.h */,
				ADDE13F12820AE3100809D36 /* SequentialImpulseSolver.cpp */,
				ADDE13F92820AE3100809D36 /* SequentialImpulseSolver.h */,
				ADDE13F42820AE3100809D36 /* WarmStart.cpp */,
				ADDE13F62820AE3100809D36 /* WarmStart.h */,
			);
			path = RigidBodyDynamics;
			sourceTree = "<group>";
		};
		ADDE14042820AE3100809D36 /* Maths */ = {
			isa = PBXGroup;
			children = (
				ADDE140F2820AE3100809D36 /* Array.h */,
				ADDE14082820AE3100809D36 /* Bezier.cpp */,
				ADDE14092820AE3100809D36 /* Bezier.h */,
				ADDE140B2820AE3100809D36 /* Box3d.h */,
				ADDE140E2820AE3100809D36 /* Float16.h */,
				ADDE14072820AE3100809D36 /* Frustum.h */,
				ADDE140C2820AE3100809D36 /* Maths.h */,
				ADDE14142820AE3100809D36 /* Matrix2d.h */,
				ADDE14132820AE3100809D36 /* Matrix3d.cpp */,
				ADDE14192820AE3100809D36 /* Matrix3d.h */,
				ADDE14052820AE3100809D36 /* Matrix4d.h */,
				ADDE14182820AE3100809D36 /* MatrixMxN.h */,
				ADDE140A2820AE3100809D36 /* Quaternion.h */,
				ADDE14102820AE3100809D36 /* SIMD.h */,
				ADDE14122820AE3100809D36 /* Stack.h */,
				ADDE14172820AE3100809D36 /* Tensor.h */,
				ADDE14112820AE3100809D36 /* Transform.h */,
				ADDE14162820AE3100809D36 /* Vector2d.h */,
				ADDE14152820AE3100809D36 /* Vector3d.h */,
				ADDE14062820AE3100809D36 /* Vector4d.h */,
				ADDE140D2820AE3100809D36 /* VectorNd.h */,
			);
			path = Maths;
			sourceTree = "<group>";
		};
		ADDE141A2820AE3100809D36 /* LinearSystem */ = {
			isa = PBXGroup;
			children = (
				ADDE14222820AE3100809D36 /* DenseMatrix.cpp */,
				ADDE14202820AE3100809D36 /* DenseMatrix.h */,
				ADDE14242820AE3100809D36 /* DenseVector.cpp */,
				ADDE14282820AE3100809D36 /* DenseVector.h */,
				ADDE14212820AE3100809D36 /* EigenValueDecomposition.cpp */,
				ADDE14232820AE3100809D36 /* EigenValueDecomposition.h */,
				ADDE14272820AE3100809D36 /* GaussianElimination.h */,
				ADDE142A2820AE3100809D36 /* GaussSeidelIteration_CPU.h */,
				ADDE141E2820AE3100809D36 /* JacobiIteration_CPU.h */,
				ADDE141D2820AE3100809D36 /* LUFactorization.h */,
				ADDE14292820AE3100809D36 /* PolarDecomposition.cpp */,
				ADDE141C2820AE3100809D36 /* PolarDecomposition.h */,
				ADDE14252820AE3100809D36 /* ProjectedGaussSeidel.h */,
				ADDE14262820AE3100809D36 /* SingularValueDecomposition.cpp */,
				ADDE141F2820AE3100809D36 /* SingularValueDecomposition.h */,
				ADDE141B2820AE3100809D36 /* SparseMatrix.h */,
			);
			path = LinearSystem;
			sourceTree = "<group>";
		};
		ADDE142B2820AE3100809D36 /* PositionBasedDynamics */ = {
			isa = PBXGroup;
			children = (
				ADDE142D2820AE3100809D36 /* PositionBasedDynamicsSolver.cpp */,
				ADDE142C2820AE3100809D36 /* PositionBasedDynamicsSolver.h */,
			);
			path = PositionBasedDynamics;
			sourceTree = "<group>";
		};
		ADDE14AB2820B16F00809D36 /* Vehicle */ = {
			isa = PBXGroup;
			children = (
				ADDE14B22820B16F00809D36 /* AutonomousController.cpp */,
				ADDE14AC2820B16F00809D36 /* AutonomousController.h */,
				ADDE14AD2820B16F00809D36 /* LQR.h */,
				ADDE14B02820B16F00809D36 /* MPC.h */,
				ADDE14B12820B16F00809D36 /* PID.h */,
				ADDE14AE2820B16F00809D36 /* Vehicle.cpp */,
				ADDE14AF2820B16F00809D36 /* Vehicle.h */,
			);
			path = Vehicle;
			sourceTree = "<group>";
		};
		ADE742D82820A994007DEEB3 = {
			isa = PBXGroup;
			children = (
				ADE742E22820A994007DEEB3 /* Products */,
				ADDE12F82820AE0700809D36 /* Collision */,
				ADDE13AF2820AE3100809D36 /* CollisionPrimitive */,
				ADDE13D52820AE3100809D36 /* Geometry */,
				ADDE13AA2820AE3100809D36 /* ImageSpace */,
				ADDE141A2820AE3100809D36 /* LinearSystem */,
				ADDE14042820AE3100809D36 /* Maths */,
				ADDE13D32820AE3100809D36 /* Optimization */,
				ADDE142B2820AE3100809D36 /* PositionBasedDynamics */,
				ADDE13F02820AE3100809D36 /* RigidBodyDynamics */,
				ADDE13C72820AE3100809D36 /* Solver */,
				ADDE13E72820AE3100809D36 /* Tools */,
				ADDE14AB2820B16F00809D36 /* Vehicle */,
			);
			sourceTree = "<group>";
		};
		ADE742E22820A994007DEEB3 /* Products */ = {
			isa = PBXGroup;
			children = (
				ADE742E12820A994007DEEB3 /* libRiemann.a */,
			);
			name = Products;
			sourceTree = "<group>";
		};
/* End PBXGroup section */

/* Begin PBXHeadersBuildPhase section */
		ADE742DD2820A994007DEEB3 /* Headers */ = {
			isa = PBXHeadersBuildPhase;
			buildActionMask = 2147483647;
			files = (
				ADDE14522820AE3100809D36 /* ProjectiveDynamicsSolver.h in Headers */,
				ADDE13202820AE0700809D36 /* GeometryObject.h in Headers */,
				ADDE142E2820AE3100809D36 /* ContinuousBitmap.h in Headers */,
				ADDE14472820AE3100809D36 /* Point3d.h in Headers */,
				ADDE14662820AE3100809D36 /* PhysxFormat_34.hpp in Headers */,
				ADDE14572820AE3100809D36 /* VoxelField.h in Headers */,
				ADDE13192820AE0700809D36 /* GeometryCollection.h in Headers */,
				ADDE14982820AE3100809D36 /* LUFactorization.h in Headers */,
				ADDE13352820AE0700809D36 /* GJK.h in Headers */,
				ADDE14992820AE3100809D36 /* JacobiIteration_CPU.h in Headers */,
				ADDE131D2820AE0700809D36 /* AABBTreeInference.h in Headers */,
				ADDE14972820AE3100809D36 /* PolarDecomposition.h in Headers */,
				ADDE13242820AE0700809D36 /* SparseSpatialHash.h in Headers */,
				ADDE143F2820AE3100809D36 /* Plane3d.h in Headers */,
				ADDE14632820AE3100809D36 /* Polygon3D.h in Headers */,
				ADDE14832820AE3100809D36 /* Frustum.h in Headers */,
				ADDE14442820AE3100809D36 /* TriangleMesh.h in Headers */,
				ADDE149A2820AE3100809D36 /* SingularValueDecomposition.h in Headers */,
				ADDE131C2820AE0700809D36 /* EPA.h in Headers */,
				ADDE14872820AE3100809D36 /* Box3d.h in Headers */,
				ADDE146B2820AE3100809D36 /* SimpleBmp.h in Headers */,
				ADDE144C2820AE3100809D36 /* NumericalODESolver.h in Headers */,
				ADDE14322820AE3100809D36 /* OrientedBox3d.h in Headers */,
				ADDE14302820AE3100809D36 /* Rasterizer.h in Headers */,
				ADDE14B82820B16F00809D36 /* PID.h in Headers */,
				ADDE148C2820AE3100809D36 /* SIMD.h in Headers */,
				ADDE14942820AE3100809D36 /* MatrixMxN.h in Headers */,
				ADDE14732820AE3100809D36 /* WarmStart.h in Headers */,
				ADDE14492820AE3100809D36 /* SparseConjugateGradientSolver.h in Headers */,
				ADDE14762820AE3100809D36 /* SequentialImpulseSolver.h in Headers */,
				ADDE132A2820AE0700809D36 /* ProximityGrid.h in Headers */,
				ADDE14952820AE3100809D36 /* Matrix3d.h in Headers */,
				ADDE13362820AE0700809D36 /* SAP.h in Headers */,
				ADDE14702820AE3100809D36 /* AnimationTree.h in Headers */,
				ADDE132F2820AE0700809D36 /* SAP_Incremental.h in Headers */,
				ADDE14542820AE3100809D36 /* SGD.h in Headers */,
				ADDE14722820AE3100809D36 /* MotionIntegration.h in Headers */,
				ADDE147C2820AE3100809D36 /* ForceField.h in Headers */,
				ADDE14902820AE3100809D36 /* Matrix2d.h in Headers */,
				ADDE13302820AE0700809D36 /* GeometryQuery.h in Headers */,
				ADDE132C2820AE0700809D36 /* AABBTree.h in Headers */,
				ADDE14642820AE3100809D36 /* DenseTensorField3d.h in Headers */,
				ADDE146F2820AE3100809D36 /* Animation.h in Headers */,
				ADDE13182820AE0700809D36 /* BroadPhase.h in Headers */,
				ADDE14772820AE3100809D36 /* PhysicsMaterial.h in Headers */,
				ADDE14852820AE3100809D36 /* Bezier.h in Headers */,
				ADDE14A52820AE3100809D36 /* GaussSeidelIteration_CPU.h in Headers */,
				ADDE148E2820AE3100809D36 /* Stack.h in Headers */,
				ADDE14892820AE3100809D36 /* VectorNd.h in Headers */,
				ADDE13342820AE0700809D36 /* DynamicAABBTree.h in Headers */,
				ADDE13232820AE0700809D36 /* Simplex.h in Headers */,
				ADDE149E2820AE3100809D36 /* EigenValueDecomposition.h in Headers */,
				ADDE14402820AE3100809D36 /* ConvexMesh.h in Headers */,
				ADDE14792820AE3100809D36 /* RigidBody.h in Headers */,
				ADDE146A2820AE3100809D36 /* PhysxFormat_41.hpp in Headers */,
				ADDE143B2820AE3100809D36 /* Mesh.h in Headers */,
				ADDE148D2820AE3100809D36 /* Transform.h in Headers */,
				ADDE14752820AE3100809D36 /* RigidBodySimulation.h in Headers */,
				ADDE14962820AE3100809D36 /* SparseMatrix.h in Headers */,
				ADDE14922820AE3100809D36 /* Vector2d.h in Headers */,
				ADDE14382820AE3100809D36 /* HeightField3d.h in Headers */,
				ADDE145B2820AE3100809D36 /* VoxelEngine.h in Headers */,
				ADDE14682820AE3100809D36 /* PhysxBinaryParser.h in Headers */,
				ADDE14B72820B16F00809D36 /* MPC.h in Headers */,
				ADDE14A62820AE3100809D36 /* PositionBasedDynamicsSolver.h in Headers */,
				ADDE14A32820AE3100809D36 /* DenseVector.h in Headers */,
				ADDE144D2820AE3100809D36 /* ExponentialIntegrator.h in Headers */,
				ADDE147F2820AE3100809D36 /* PhysicsEntity.h in Headers */,
				ADDE14812820AE3100809D36 /* Matrix4d.h in Headers */,
				ADDE143E2820AE3100809D36 /* Sphere3d.h in Headers */,
				ADDE14462820AE3100809D36 /* Triangle3d.h in Headers */,
				ADDE14B42820B16F00809D36 /* LQR.h in Headers */,
				ADDE14502820AE3100809D36 /* LCPSolver.h in Headers */,
				ADDE14A22820AE3100809D36 /* GaussianElimination.h in Headers */,
				ADDE13322820AE0700809D36 /* QuadTree.h in Headers */,
				ADDE14412820AE3100809D36 /* AxisAlignedBox3d.h in Headers */,
				ADDE14432820AE3100809D36 /* ShapeType.h in Headers */,
				ADDE14B62820B16F00809D36 /* Vehicle.h in Headers */,
				ADDE14B32820B16F00809D36 /* AutonomousController.h in Headers */,
				ADDE14372820AE3100809D36 /* Ray3d.h in Headers */,
				ADDE14582820AE3100809D36 /* SparseVoxelField.h in Headers */,
				ADDE14562820AE3100809D36 /* Tetrahedral.h in Headers */,
				ADDE14862820AE3100809D36 /* Quaternion.h in Headers */,
				ADDE13292820AE0700809D36 /* Contact.h in Headers */,
				ADDE14882820AE3100809D36 /* Maths.h in Headers */,
				ADDE14932820AE3100809D36 /* Tensor.h in Headers */,
				ADDE14482820AE3100809D36 /* Capsule3d.h in Headers */,
				ADDE148A2820AE3100809D36 /* Float16.h in Headers */,
				ADDE131E2820AE0700809D36 /* AABBTreeOffline.h in Headers */,
				ADDE145F2820AE3100809D36 /* ConvexHull2D.h in Headers */,
				ADDE14622820AE3100809D36 /* ConvexHull3D.h in Headers */,
				ADDE143D2820AE3100809D36 /* Segment3d.h in Headers */,
				ADDE14312820AE3100809D36 /* ImageProcessing.h in Headers */,
				ADDE14A02820AE3100809D36 /* ProjectedGaussSeidel.h in Headers */,
				ADDE14392820AE3100809D36 /* Cylinder3d.h in Headers */,
				ADDE14512820AE3100809D36 /* NewtonRaphsonIteration.h in Headers */,
				ADDE131B2820AE0700809D36 /* NarrowPhase.h in Headers */,
				ADDE14912820AE3100809D36 /* Vector3d.h in Headers */,
				ADDE13212820AE0700809D36 /* GeometryIntersection.h in Headers */,
				ADDE143C2820AE3100809D36 /* MeshBVH4.h in Headers */,
				ADDE146D2820AE3100809D36 /* AnimBinaryParser.h in Headers */,
				ADDE14822820AE3100809D36 /* Vector4d.h in Headers */,
				ADDE14532820AE3100809D36 /* ConjugateGradientSolver.h in Headers */,
				ADDE14672820AE3100809D36 /* Serialization.h in Headers */,
				ADDE13222820AE0700809D36 /* Minkowski.h in Headers */,
				ADDE149B2820AE3100809D36 /* DenseMatrix.h in Headers */,
				ADDE148B2820AE3100809D36 /* Array.h in Headers */,
				ADDE14602820AE3100809D36 /* Polygon2D.h in Headers */,
			);
			runOnlyForDeploymentPostprocessing = 0;
		};
/* End PBXHeadersBuildPhase section */

/* Begin PBXNativeTarget section */
		ADE742E02820A994007DEEB3 /* Riemann */ = {
			isa = PBXNativeTarget;
			buildConfigurationList = ADE742E52820A994007DEEB3 /* Build configuration list for PBXNativeTarget "Riemann" */;
			buildPhases = (
				ADE742DD2820A994007DEEB3 /* Headers */,
				ADE742DE2820A994007DEEB3 /* Sources */,
				ADE742DF2820A994007DEEB3 /* Frameworks */,
			);
			buildRules = (
			);
			dependencies = (
			);
			name = Riemann;
			productName = Riemann;
			productReference = ADE742E12820A994007DEEB3 /* libRiemann.a */;
			productType = "com.apple.product-type.library.static";
		};
/* End PBXNativeTarget section */

/* Begin PBXProject section */
		ADE742D92820A994007DEEB3 /* Project object */ = {
			isa = PBXProject;
			attributes = {
				BuildIndependentTargetsInParallel = 1;
				LastUpgradeCheck = 1330;
				TargetAttributes = {
					ADE742E02820A994007DEEB3 = {
						CreatedOnToolsVersion = 13.3.1;
					};
				};
			};
			buildConfigurationList = ADE742DC2820A994007DEEB3 /* Build configuration list for PBXProject "Riemann" */;
			compatibilityVersion = "Xcode 13.0";
			developmentRegion = en;
			hasScannedForEncodings = 0;
			knownRegions = (
				en,
				Base,
			);
			mainGroup = ADE742D82820A994007DEEB3;
			productRefGroup = ADE742E22820A994007DEEB3 /* Products */;
			projectDirPath = "";
			projectRoot = "";
			targets = (
				ADE742E02820A994007DEEB3 /* Riemann */,
			);
		};
/* End PBXProject section */

/* Begin PBXSourcesBuildPhase section */
		ADE742DE2820A994007DEEB3 /* Sources */ = {
			isa = PBXSourcesBuildPhase;
			buildActionMask = 2147483647;
			files = (
				ADDE143A2820AE3100809D36 /* Segment3d.cpp in Sources */,
				ADDE14A72820AE3100809D36 /* PositionBasedDynamicsSolver.cpp in Sources */,
				ADDE13272820AE0700809D36 /* GeometryCollection.cpp in Sources */,
				ADDE14782820AE3100809D36 /* MotionIntegration.cpp in Sources */,
				ADDE13262820AE0700809D36 /* BroadPhase.cpp in Sources */,
				ADDE14612820AE3100809D36 /* VoxelField.cpp in Sources */,
				ADDE149F2820AE3100809D36 /* DenseVector.cpp in Sources */,
				ADDE14A42820AE3100809D36 /* PolarDecomposition.cpp in Sources */,
				ADDE13312820AE0700809D36 /* GeometryObject.cpp in Sources */,
				ADDE132B2820AE0700809D36 /* DynamicAABBTree.cpp in Sources */,
				ADDE14B52820B16F00809D36 /* Vehicle.cpp in Sources */,
				ADDE145D2820AE3100809D36 /* SparseVoxelField.cpp in Sources */,
				ADDE14342820AE3100809D36 /* AxisAlignedBox3d.cpp in Sources */,
				ADDE149C2820AE3100809D36 /* EigenValueDecomposition.cpp in Sources */,
				ADDE145E2820AE3100809D36 /* Polygon3D.cpp in Sources */,
				ADDE147D2820AE3100809D36 /* RigidBodySimulation.cpp in Sources */,
				ADDE146C2820AE3100809D36 /* PhysxBinaryParser.cpp in Sources */,
				ADDE142F2820AE3100809D36 /* ImageProcessing.cpp in Sources */,
				ADDE13252820AE0700809D36 /* AABBTree.cpp in Sources */,
				ADDE14592820AE3100809D36 /* ConvexHull2D.cpp in Sources */,
				ADDE149D2820AE3100809D36 /* DenseMatrix.cpp in Sources */,
				ADDE144B2820AE3100809D36 /* NumericalODESolver.cpp in Sources */,
				ADDE147E2820AE3100809D36 /* ForceField.cpp in Sources */,
				ADDE132D2820AE0700809D36 /* GeometryQuery.cpp in Sources */,
				ADDE13282820AE0700809D36 /* AABBTreeOffline.cpp in Sources */,
				ADDE144F2820AE3100809D36 /* NewtonRaphsonIteration.cpp in Sources */,
				ADDE14452820AE3100809D36 /* HeightField3d.cpp in Sources */,
				ADDE14B92820B16F00809D36 /* AutonomousController.cpp in Sources */,
				ADDE132E2820AE0700809D36 /* Contact.cpp in Sources */,
				ADDE13332820AE0700809D36 /* GeometryIntersection.cpp in Sources */,
				ADDE14842820AE3100809D36 /* Bezier.cpp in Sources */,
				ADDE14332820AE3100809D36 /* Capsule3d.cpp in Sources */,
				ADDE148F2820AE3100809D36 /* Matrix3d.cpp in Sources */,
				ADDE14652820AE3100809D36 /* Polygon2D.cpp in Sources */,
				ADDE14552820AE3100809D36 /* ConvexHull3D.cpp in Sources */,
				ADDE144E2820AE3100809D36 /* ProjectiveDynamicsSolver.cpp in Sources */,
				ADDE14362820AE3100809D36 /* OrientedBox3d.cpp in Sources */,
				ADDE14802820AE3100809D36 /* PhysicsMaterial.cpp in Sources */,
				ADDE145A2820AE3100809D36 /* VoxelEngine.cpp in Sources */,
				ADDE145C2820AE3100809D36 /* Tetrahedral.cpp in Sources */,
				ADDE14422820AE3100809D36 /* MeshBVH4.cpp in Sources */,
				ADDE144A2820AE3100809D36 /* LCPSolver.cpp in Sources */,
				ADDE147B2820AE3100809D36 /* AnimationTree.cpp in Sources */,
				ADDE14712820AE3100809D36 /* WarmStart.cpp in Sources */,
				ADDE146E2820AE3100809D36 /* SequentialImpulseSolver.cpp in Sources */,
				ADDE14742820AE3100809D36 /* RigidBody.cpp in Sources */,
				ADDE14692820AE3100809D36 /* AnimBinaryParser.cpp in Sources */,
				ADDE147A2820AE3100809D36 /* Animation.cpp in Sources */,
				ADDE131A2820AE0700809D36 /* NarrowPhase.cpp in Sources */,
				ADDE131F2820AE0700809D36 /* AABBTreeInference.cpp in Sources */,
				ADDE14A12820AE3100809D36 /* SingularValueDecomposition.cpp in Sources */,
				ADDE14352820AE3100809D36 /* TriangleMesh.cpp in Sources */,
			);
			runOnlyForDeploymentPostprocessing = 0;
		};
/* End PBXSourcesBuildPhase section */

/* Begin XCBuildConfiguration section */
		ADE742E32820A994007DEEB3 /* Debug */ = {
			isa = XCBuildConfiguration;
			buildSettings = {
				ALWAYS_SEARCH_USER_PATHS = NO;
				CLANG_ANALYZER_NONNULL = YES;
				CLANG_ANALYZER_NUMBER_OBJECT_CONVERSION = YES_AGGRESSIVE;
				CLANG_CXX_LANGUAGE_STANDARD = "gnu++17";
				CLANG_ENABLE_MODULES = YES;
				CLANG_ENABLE_OBJC_ARC = YES;
				CLANG_ENABLE_OBJC_WEAK = YES;
				CLANG_WARN_BLOCK_CAPTURE_AUTORELEASING = YES;
				CLANG_WARN_BOOL_CONVERSION = YES;
				CLANG_WARN_COMMA = YES;
				CLANG_WARN_CONSTANT_CONVERSION = YES;
				CLANG_WARN_DEPRECATED_OBJC_IMPLEMENTATIONS = YES;
				CLANG_WARN_DIRECT_OBJC_ISA_USAGE = YES_ERROR;
				CLANG_WARN_DOCUMENTATION_COMMENTS = YES;
				CLANG_WARN_EMPTY_BODY = YES;
				CLANG_WARN_ENUM_CONVERSION = YES;
				CLANG_WARN_INFINITE_RECURSION = YES;
				CLANG_WARN_INT_CONVERSION = YES;
				CLANG_WARN_NON_LITERAL_NULL_CONVERSION = YES;
				CLANG_WARN_OBJC_IMPLICIT_RETAIN_SELF = YES;
				CLANG_WARN_OBJC_LITERAL_CONVERSION = YES;
				CLANG_WARN_OBJC_ROOT_CLASS = YES_ERROR;
				CLANG_WARN_QUOTED_INCLUDE_IN_FRAMEWORK_HEADER = YES;
				CLANG_WARN_RANGE_LOOP_ANALYSIS = YES;
				CLANG_WARN_STRICT_PROTOTYPES = YES;
				CLANG_WARN_SUSPICIOUS_MOVE = YES;
				CLANG_WARN_UNGUARDED_AVAILABILITY = YES_AGGRESSIVE;
				CLANG_WARN_UNREACHABLE_CODE = YES;
				CLANG_WARN__DUPLICATE_METHOD_MATCH = YES;
				COPY_PHASE_STRIP = NO;
				DEBUG_INFORMATION_FORMAT = dwarf;
				ENABLE_STRICT_OBJC_MSGSEND = YES;
				ENABLE_TESTABILITY = YES;
				GCC_C_LANGUAGE_STANDARD = gnu11;
				GCC_DYNAMIC_NO_PIC = NO;
				GCC_NO_COMMON_BLOCKS = YES;
				GCC_OPTIMIZATION_LEVEL = 0;
				GCC_PREPROCESSOR_DEFINITIONS = (
					"DEBUG=1",
					"$(inherited)",
				);
				GCC_WARN_64_TO_32_BIT_CONVERSION = YES;
				GCC_WARN_ABOUT_RETURN_TYPE = YES_ERROR;
				GCC_WARN_UNDECLARED_SELECTOR = YES;
				GCC_WARN_UNINITIALIZED_AUTOS = YES_AGGRESSIVE;
				GCC_WARN_UNUSED_FUNCTION = YES;
				GCC_WARN_UNUSED_VARIABLE = YES;
				MACOSX_DEPLOYMENT_TARGET = 12.3;
				MTL_ENABLE_DEBUG_INFO = INCLUDE_SOURCE;
				MTL_FAST_MATH = YES;
				ONLY_ACTIVE_ARCH = YES;
				SDKROOT = macosx;
			};
			name = Debug;
		};
		ADE742E42820A994007DEEB3 /* Release */ = {
			isa = XCBuildConfiguration;
			buildSettings = {
				ALWAYS_SEARCH_USER_PATHS = NO;
				CLANG_ANALYZER_NONNULL = YES;
				CLANG_ANALYZER_NUMBER_OBJECT_CONVERSION = YES_AGGRESSIVE;
				CLANG_CXX_LANGUAGE_STANDARD = "gnu++17";
				CLANG_ENABLE_MODULES = YES;
				CLANG_ENABLE_OBJC_ARC = YES;
				CLANG_ENABLE_OBJC_WEAK = YES;
				CLANG_WARN_BLOCK_CAPTURE_AUTORELEASING = YES;
				CLANG_WARN_BOOL_CONVERSION = YES;
				CLANG_WARN_COMMA = YES;
				CLANG_WARN_CONSTANT_CONVERSION = YES;
				CLANG_WARN_DEPRECATED_OBJC_IMPLEMENTATIONS = YES;
				CLANG_WARN_DIRECT_OBJC_ISA_USAGE = YES_ERROR;
				CLANG_WARN_DOCUMENTATION_COMMENTS = YES;
				CLANG_WARN_EMPTY_BODY = YES;
				CLANG_WARN_ENUM_CONVERSION = YES;
				CLANG_WARN_INFINITE_RECURSION = YES;
				CLANG_WARN_INT_CONVERSION = YES;
				CLANG_WARN_NON_LITERAL_NULL_CONVERSION = YES;
				CLANG_WARN_OBJC_IMPLICIT_RETAIN_SELF = YES;
				CLANG_WARN_OBJC_LITERAL_CONVERSION = YES;
				CLANG_WARN_OBJC_ROOT_CLASS = YES_ERROR;
				CLANG_WARN_QUOTED_INCLUDE_IN_FRAMEWORK_HEADER = YES;
				CLANG_WARN_RANGE_LOOP_ANALYSIS = YES;
				CLANG_WARN_STRICT_PROTOTYPES = YES;
				CLANG_WARN_SUSPICIOUS_MOVE = YES;
				CLANG_WARN_UNGUARDED_AVAILABILITY = YES_AGGRESSIVE;
				CLANG_WARN_UNREACHABLE_CODE = YES;
				CLANG_WARN__DUPLICATE_METHOD_MATCH = YES;
				COPY_PHASE_STRIP = NO;
				DEBUG_INFORMATION_FORMAT = "dwarf-with-dsym";
				ENABLE_NS_ASSERTIONS = NO;
				ENABLE_STRICT_OBJC_MSGSEND = YES;
				GCC_C_LANGUAGE_STANDARD = gnu11;
				GCC_NO_COMMON_BLOCKS = YES;
				GCC_WARN_64_TO_32_BIT_CONVERSION = YES;
				GCC_WARN_ABOUT_RETURN_TYPE = YES_ERROR;
				GCC_WARN_UNDECLARED_SELECTOR = YES;
				GCC_WARN_UNINITIALIZED_AUTOS = YES_AGGRESSIVE;
				GCC_WARN_UNUSED_FUNCTION = YES;
				GCC_WARN_UNUSED_VARIABLE = YES;
				MACOSX_DEPLOYMENT_TARGET = 12.3;
				MTL_ENABLE_DEBUG_INFO = NO;
				MTL_FAST_MATH = YES;
				SDKROOT = macosx;
			};
			name = Release;
		};
		ADE742E62820A994007DEEB3 /* Debug */ = {
			isa = XCBuildConfiguration;
			buildSettings = {
				CODE_SIGN_STYLE = Automatic;
				PRODUCT_NAME = "$(TARGET_NAME)";
				SKIP_INSTALL = YES;
			};
			name = Debug;
		};
		ADE742E72820A994007DEEB3 /* Release */ = {
			isa = XCBuildConfiguration;
			buildSettings = {
				CODE_SIGN_STYLE = Automatic;
				PRODUCT_NAME = "$(TARGET_NAME)";
				SKIP_INSTALL = YES;
			};
			name = Release;
		};
/* End XCBuildConfiguration section */

/* Begin XCConfigurationList section */
		ADE742DC2820A994007DEEB3 /* Build configuration list for PBXProject "Riemann" */ = {
			isa = XCConfigurationList;
			buildConfigurations = (
				ADE742E32820A994007DEEB3 /* Debug */,
				ADE742E42820A994007DEEB3 /* Release */,
			);
			defaultConfigurationIsVisible = 0;
			defaultConfigurationName = Release;
		};
		ADE742E52820A994007DEEB3 /* Build configuration list for PBXNativeTarget "Riemann" */ = {
			isa = XCConfigurationList;
			buildConfigurations = (
				ADE742E62820A994007DEEB3 /* Debug */,
				ADE742E72820A994007DEEB3 /* Release */,
			);
			defaultConfigurationIsVisible = 0;
			defaultConfigurationName = Release;
		};
/* End XCConfigurationList section */
	};
	rootObject = ADE742D92820A994007DEEB3 /* Project object */;
}
