// !$*UTF8*$!
{
	archiveVersion = 1;
	classes = {
	};
	objectVersion = 55;
	objects = {

/* Begin PBXBuildFile section */
		AD0168F12878E01200BA7921 /* Test_Physics.cpp in Sources */ = {isa = PBXBuildFile; fileRef = AD0168ED2878E01200BA7921 /* Test_Physics.cpp */; };
		AD0168F22878E01200BA7921 /* Test_Maths.cpp in Sources */ = {isa = PBXBuildFile; fileRef = AD0168EE2878E01200BA7921 /* Test_Maths.cpp */; };
		AD0168F32878E01200BA7921 /* Test_Geometry.cpp in Sources */ = {isa = PBXBuildFile; fileRef = AD0168EF2878E01200BA7921 /* Test_Geometry.cpp */; };
		AD0168F42878E01200BA7921 /* Test_Collision.cpp in Sources */ = {isa = PBXBuildFile; fileRef = AD0168F02878E01200BA7921 /* Test_Collision.cpp */; };
		AD66E85E2878E44E004F0267 /* Test_Matrix.cpp in Sources */ = {isa = PBXBuildFile; fileRef = AD66E85D2878E44E004F0267 /* Test_Matrix.cpp */; };
		AD66E8602878E51F004F0267 /* Test_Vehicle.cpp in Sources */ = {isa = PBXBuildFile; fileRef = AD66E85F2878E51F004F0267 /* Test_Vehicle.cpp */; };
		ADA67B38287037D900B037DB /* Test_SIMD.cpp in Sources */ = {isa = PBXBuildFile; fileRef = ADA67B36287037D900B037DB /* Test_SIMD.cpp */; };
		ADA67B3A287037F600B037DB /* Test_Python.cpp in Sources */ = {isa = PBXBuildFile; fileRef = ADA67B39287037F600B037DB /* Test_Python.cpp */; };
		ADC0F6B32878E7E800CE5173 /* Test_Image.cpp in Sources */ = {isa = PBXBuildFile; fileRef = ADC0F6B22878E7E800CE5173 /* Test_Image.cpp */; };
		ADDE129C2820ABEF00809D36 /* main.cpp in Sources */ = {isa = PBXBuildFile; fileRef = ADDE129A2820ABEF00809D36 /* main.cpp */; };
		ADDE129D2820ABEF00809D36 /* Test.cpp in Sources */ = {isa = PBXBuildFile; fileRef = ADDE129B2820ABEF00809D36 /* Test.cpp */; };
		ADDE14AA2820B0EE00809D36 /* libRiemann.a in Frameworks */ = {isa = PBXBuildFile; fileRef = ADDE14A92820B0EE00809D36 /* libRiemann.a */; };
/* End PBXBuildFile section */

/* Begin PBXCopyFilesBuildPhase section */
		AD2C31C62820AB10007157B6 /* CopyFiles */ = {
			isa = PBXCopyFilesBuildPhase;
			buildActionMask = 2147483647;
			dstPath = /usr/share/man/man1/;
			dstSubfolderSpec = 0;
			files = (
			);
			runOnlyForDeploymentPostprocessing = 1;
		};
/* End PBXCopyFilesBuildPhase section */

/* Begin PBXFileReference section */
		AD0168ED2878E01200BA7921 /* Test_Physics.cpp */ = {isa = PBXFileReference; fileEncoding = 4; lastKnownFileType = sourcecode.cpp.cpp; path = Test_Physics.cpp; sourceTree = "<group>"; };
		AD0168EE2878E01200BA7921 /* Test_Maths.cpp */ = {isa = PBXFileReference; fileEncoding = 4; lastKnownFileType = sourcecode.cpp.cpp; path = Test_Maths.cpp; sourceTree = "<group>"; };
		AD0168EF2878E01200BA7921 /* Test_Geometry.cpp */ = {isa = PBXFileReference; fileEncoding = 4; lastKnownFileType = sourcecode.cpp.cpp; path = Test_Geometry.cpp; sourceTree = "<group>"; };
		AD0168F02878E01200BA7921 /* Test_Collision.cpp */ = {isa = PBXFileReference; fileEncoding = 4; lastKnownFileType = sourcecode.cpp.cpp; path = Test_Collision.cpp; sourceTree = "<group>"; };
		AD2C31C82820AB10007157B6 /* Test */ = {isa = PBXFileReference; explicitFileType = "compiled.mach-o.executable"; includeInIndex = 0; path = Test; sourceTree = BUILT_PRODUCTS_DIR; };
		AD66E85D2878E44E004F0267 /* Test_Matrix.cpp */ = {isa = PBXFileReference; fileEncoding = 4; lastKnownFileType = sourcecode.cpp.cpp; path = Test_Matrix.cpp; sourceTree = "<group>"; };
		AD66E85F2878E51F004F0267 /* Test_Vehicle.cpp */ = {isa = PBXFileReference; fileEncoding = 4; lastKnownFileType = sourcecode.cpp.cpp; path = Test_Vehicle.cpp; sourceTree = "<group>"; };
		ADA67B36287037D900B037DB /* Test_SIMD.cpp */ = {isa = PBXFileReference; lastKnownFileType = sourcecode.cpp.cpp; path = Test_SIMD.cpp; sourceTree = "<group>"; };
		ADA67B39287037F600B037DB /* Test_Python.cpp */ = {isa = PBXFileReference; lastKnownFileType = sourcecode.cpp.cpp; path = Test_Python.cpp; sourceTree = "<group>"; };
		ADC0F6B22878E7E800CE5173 /* Test_Image.cpp */ = {isa = PBXFileReference; fileEncoding = 4; lastKnownFileType = sourcecode.cpp.cpp; path = Test_Image.cpp; sourceTree = "<group>"; };
		ADC73023286DD0AB00364E92 /* Test.h */ = {isa = PBXFileReference; fileEncoding = 4; lastKnownFileType = sourcecode.c.h; path = Test.h; sourceTree = "<group>"; };
		ADDE129A2820ABEF00809D36 /* main.cpp */ = {isa = PBXFileReference; fileEncoding = 4; lastKnownFileType = sourcecode.cpp.cpp; path = main.cpp; sourceTree = "<group>"; };
		ADDE129B2820ABEF00809D36 /* Test.cpp */ = {isa = PBXFileReference; fileEncoding = 4; lastKnownFileType = sourcecode.cpp.cpp; path = Test.cpp; sourceTree = "<group>"; };
		ADDE14A92820B0EE00809D36 /* libRiemann.a */ = {isa = PBXFileReference; explicitFileType = archive.ar; path = libRiemann.a; sourceTree = BUILT_PRODUCTS_DIR; };
/* End PBXFileReference section */

/* Begin PBXFrameworksBuildPhase section */
		AD2C31C52820AB10007157B6 /* Frameworks */ = {
			isa = PBXFrameworksBuildPhase;
			buildActionMask = 2147483647;
			files = (
				ADDE14AA2820B0EE00809D36 /* libRiemann.a in Frameworks */,
			);
			runOnlyForDeploymentPostprocessing = 0;
		};
/* End PBXFrameworksBuildPhase section */

/* Begin PBXGroup section */
		AD2C31BF2820AB10007157B6 = {
			isa = PBXGroup;
			children = (
				AD2C31C92820AB10007157B6 /* Products */,
				ADDE14A82820B0EE00809D36 /* Frameworks */,
				ADDE129A2820ABEF00809D36 /* main.cpp */,
				ADDE129B2820ABEF00809D36 /* Test.cpp */,
				AD0168F02878E01200BA7921 /* Test_Collision.cpp */,
				AD0168EF2878E01200BA7921 /* Test_Geometry.cpp */,
				ADC0F6B22878E7E800CE5173 /* Test_Image.cpp */,
				AD0168EE2878E01200BA7921 /* Test_Maths.cpp */,
				AD66E85D2878E44E004F0267 /* Test_Matrix.cpp */,
				AD0168ED2878E01200BA7921 /* Test_Physics.cpp */,
				ADA67B39287037F600B037DB /* Test_Python.cpp */,
				ADA67B36287037D900B037DB /* Test_SIMD.cpp */,
				AD66E85F2878E51F004F0267 /* Test_Vehicle.cpp */,
				ADC73023286DD0AB00364E92 /* Test.h */,
			);
			sourceTree = "<group>";
		};
		AD2C31C92820AB10007157B6 /* Products */ = {
			isa = PBXGroup;
			children = (
				AD2C31C82820AB10007157B6 /* Test */,
			);
			name = Products;
			sourceTree = "<group>";
		};
		ADDE14A82820B0EE00809D36 /* Frameworks */ = {
			isa = PBXGroup;
			children = (
				ADDE14A92820B0EE00809D36 /* libRiemann.a */,
			);
			name = Frameworks;
			sourceTree = "<group>";
		};
/* End PBXGroup section */

/* Begin PBXNativeTarget section */
		AD2C31C72820AB10007157B6 /* Test */ = {
			isa = PBXNativeTarget;
			buildConfigurationList = AD2C31CF2820AB10007157B6 /* Build configuration list for PBXNativeTarget "Test" */;
			buildPhases = (
				AD2C31C42820AB10007157B6 /* Sources */,
				AD2C31C52820AB10007157B6 /* Frameworks */,
				AD2C31C62820AB10007157B6 /* CopyFiles */,
			);
			buildRules = (
			);
			dependencies = (
			);
			name = Test;
			productName = Test;
			productReference = AD2C31C82820AB10007157B6 /* Test */;
			productType = "com.apple.product-type.tool";
		};
/* End PBXNativeTarget section */

/* Begin PBXProject section */
		AD2C31C02820AB10007157B6 /* Project object */ = {
			isa = PBXProject;
			attributes = {
				BuildIndependentTargetsInParallel = 1;
				LastUpgradeCheck = 1340;
				TargetAttributes = {
					AD2C31C72820AB10007157B6 = {
						CreatedOnToolsVersion = 13.3.1;
					};
				};
			};
			buildConfigurationList = AD2C31C32820AB10007157B6 /* Build configuration list for PBXProject "Test" */;
			compatibilityVersion = "Xcode 13.0";
			developmentRegion = en;
			hasScannedForEncodings = 0;
			knownRegions = (
				en,
				Base,
			);
			mainGroup = AD2C31BF2820AB10007157B6;
			productRefGroup = AD2C31C92820AB10007157B6 /* Products */;
			projectDirPath = "";
			projectRoot = "";
			targets = (
				AD2C31C72820AB10007157B6 /* Test */,
			);
		};
/* End PBXProject section */

/* Begin PBXSourcesBuildPhase section */
		AD2C31C42820AB10007157B6 /* Sources */ = {
			isa = PBXSourcesBuildPhase;
			buildActionMask = 2147483647;
			files = (
				ADDE129C2820ABEF00809D36 /* main.cpp in Sources */,
				AD0168F22878E01200BA7921 /* Test_Maths.cpp in Sources */,
				AD66E8602878E51F004F0267 /* Test_Vehicle.cpp in Sources */,
				ADA67B3A287037F600B037DB /* Test_Python.cpp in Sources */,
				ADDE129D2820ABEF00809D36 /* Test.cpp in Sources */,
				ADA67B38287037D900B037DB /* Test_SIMD.cpp in Sources */,
				ADC0F6B32878E7E800CE5173 /* Test_Image.cpp in Sources */,
				AD0168F12878E01200BA7921 /* Test_Physics.cpp in Sources */,
				AD66E85E2878E44E004F0267 /* Test_Matrix.cpp in Sources */,
				AD0168F42878E01200BA7921 /* Test_Collision.cpp in Sources */,
				AD0168F32878E01200BA7921 /* Test_Geometry.cpp in Sources */,
			);
			runOnlyForDeploymentPostprocessing = 0;
		};
/* End PBXSourcesBuildPhase section */

/* Begin XCBuildConfiguration section */
		AD2C31CD2820AB10007157B6 /* Debug */ = {
			isa = XCBuildConfiguration;
			buildSettings = {
				ALWAYS_SEARCH_USER_PATHS = NO;
				CLANG_ANALYZER_NONNULL = YES;
				CLANG_ANALYZER_NUMBER_OBJECT_CONVERSION = YES_AGGRESSIVE;
				CLANG_CXX_LANGUAGE_STANDARD = "gnu++17";
				CLANG_ENABLE_MODULES = YES;
				CLANG_ENABLE_OBJC_ARC = YES;
				CLANG_ENABLE_OBJC_WEAK = YES;
				CLANG_WARN_BLOCK_CAPTURE_AUTORELEASING = YES;
				CLANG_WARN_BOOL_CONVERSION = YES;
				CLANG_WARN_COMMA = YES;
				CLANG_WARN_CONSTANT_CONVERSION = YES;
				CLANG_WARN_DEPRECATED_OBJC_IMPLEMENTATIONS = YES;
				CLANG_WARN_DIRECT_OBJC_ISA_USAGE = YES_ERROR;
				CLANG_WARN_DOCUMENTATION_COMMENTS = YES;
				CLANG_WARN_EMPTY_BODY = YES;
				CLANG_WARN_ENUM_CONVERSION = YES;
				CLANG_WARN_INFINITE_RECURSION = YES;
				CLANG_WARN_INT_CONVERSION = YES;
				CLANG_WARN_NON_LITERAL_NULL_CONVERSION = YES;
				CLANG_WARN_OBJC_IMPLICIT_RETAIN_SELF = YES;
				CLANG_WARN_OBJC_LITERAL_CONVERSION = YES;
				CLANG_WARN_OBJC_ROOT_CLASS = YES_ERROR;
				CLANG_WARN_QUOTED_INCLUDE_IN_FRAMEWORK_HEADER = YES;
				CLANG_WARN_RANGE_LOOP_ANALYSIS = YES;
				CLANG_WARN_STRICT_PROTOTYPES = YES;
				CLANG_WARN_SUSPICIOUS_MOVE = YES;
				CLANG_WARN_UNGUARDED_AVAILABILITY = YES_AGGRESSIVE;
				CLANG_WARN_UNREACHABLE_CODE = YES;
				CLANG_WARN__DUPLICATE_METHOD_MATCH = YES;
				COPY_PHASE_STRIP = NO;
				DEBUG_INFORMATION_FORMAT = dwarf;
				ENABLE_STRICT_OBJC_MSGSEND = YES;
				ENABLE_TESTABILITY = YES;
				GCC_C_LANGUAGE_STANDARD = gnu11;
				GCC_DYNAMIC_NO_PIC = NO;
				GCC_NO_COMMON_BLOCKS = YES;
				GCC_OPTIMIZATION_LEVEL = 0;
				GCC_PREPROCESSOR_DEFINITIONS = (
					"DEBUG=1",
					"$(inherited)",
				);
				GCC_WARN_64_TO_32_BIT_CONVERSION = YES;
				GCC_WARN_ABOUT_RETURN_TYPE = YES_ERROR;
				GCC_WARN_UNDECLARED_SELECTOR = YES;
				GCC_WARN_UNINITIALIZED_AUTOS = YES_AGGRESSIVE;
				GCC_WARN_UNUSED_FUNCTION = YES;
				GCC_WARN_UNUSED_VARIABLE = YES;
				MACOSX_DEPLOYMENT_TARGET = 12.3;
				MTL_ENABLE_DEBUG_INFO = INCLUDE_SOURCE;
				MTL_FAST_MATH = YES;
				ONLY_ACTIVE_ARCH = YES;
				SDKROOT = macosx;
			};
			name = Debug;
		};
		AD2C31CE2820AB10007157B6 /* Release */ = {
			isa = XCBuildConfiguration;
			buildSettings = {
				ALWAYS_SEARCH_USER_PATHS = NO;
				CLANG_ANALYZER_NONNULL = YES;
				CLANG_ANALYZER_NUMBER_OBJECT_CONVERSION = YES_AGGRESSIVE;
				CLANG_CXX_LANGUAGE_STANDARD = "gnu++17";
				CLANG_ENABLE_MODULES = YES;
				CLANG_ENABLE_OBJC_ARC = YES;
				CLANG_ENABLE_OBJC_WEAK = YES;
				CLANG_WARN_BLOCK_CAPTURE_AUTORELEASING = YES;
				CLANG_WARN_BOOL_CONVERSION = YES;
				CLANG_WARN_COMMA = YES;
				CLANG_WARN_CONSTANT_CONVERSION = YES;
				CLANG_WARN_DEPRECATED_OBJC_IMPLEMENTATIONS = YES;
				CLANG_WARN_DIRECT_OBJC_ISA_USAGE = YES_ERROR;
				CLANG_WARN_DOCUMENTATION_COMMENTS = YES;
				CLANG_WARN_EMPTY_BODY = YES;
				CLANG_WARN_ENUM_CONVERSION = YES;
				CLANG_WARN_INFINITE_RECURSION = YES;
				CLANG_WARN_INT_CONVERSION = YES;
				CLANG_WARN_NON_LITERAL_NULL_CONVERSION = YES;
				CLANG_WARN_OBJC_IMPLICIT_RETAIN_SELF = YES;
				CLANG_WARN_OBJC_LITERAL_CONVERSION = YES;
				CLANG_WARN_OBJC_ROOT_CLASS = YES_ERROR;
				CLANG_WARN_QUOTED_INCLUDE_IN_FRAMEWORK_HEADER = YES;
				CLANG_WARN_RANGE_LOOP_ANALYSIS = YES;
				CLANG_WARN_STRICT_PROTOTYPES = YES;
				CLANG_WARN_SUSPICIOUS_MOVE = YES;
				CLANG_WARN_UNGUARDED_AVAILABILITY = YES_AGGRESSIVE;
				CLANG_WARN_UNREACHABLE_CODE = YES;
				CLANG_WARN__DUPLICATE_METHOD_MATCH = YES;
				COPY_PHASE_STRIP = NO;
				DEBUG_INFORMATION_FORMAT = "dwarf-with-dsym";
				ENABLE_NS_ASSERTIONS = NO;
				ENABLE_STRICT_OBJC_MSGSEND = YES;
				GCC_C_LANGUAGE_STANDARD = gnu11;
				GCC_NO_COMMON_BLOCKS = YES;
				GCC_WARN_64_TO_32_BIT_CONVERSION = YES;
				GCC_WARN_ABOUT_RETURN_TYPE = YES_ERROR;
				GCC_WARN_UNDECLARED_SELECTOR = YES;
				GCC_WARN_UNINITIALIZED_AUTOS = YES_AGGRESSIVE;
				GCC_WARN_UNUSED_FUNCTION = YES;
				GCC_WARN_UNUSED_VARIABLE = YES;
				MACOSX_DEPLOYMENT_TARGET = 12.3;
				MTL_ENABLE_DEBUG_INFO = NO;
				MTL_FAST_MATH = YES;
				SDKROOT = macosx;
			};
			name = Release;
		};
		AD2C31D02820AB10007157B6 /* Debug */ = {
			isa = XCBuildConfiguration;
			buildSettings = {
				CODE_SIGN_STYLE = Automatic;
				PRODUCT_NAME = "$(TARGET_NAME)";
			};
			name = Debug;
		};
		AD2C31D12820AB10007157B6 /* Release */ = {
			isa = XCBuildConfiguration;
			buildSettings = {
				CODE_SIGN_STYLE = Automatic;
				PRODUCT_NAME = "$(TARGET_NAME)";
			};
			name = Release;
		};
/* End XCBuildConfiguration section */

/* Begin XCConfigurationList section */
		AD2C31C32820AB10007157B6 /* Build configuration list for PBXProject "Test" */ = {
			isa = XCConfigurationList;
			buildConfigurations = (
				AD2C31CD2820AB10007157B6 /* Debug */,
				AD2C31CE2820AB10007157B6 /* Release */,
			);
			defaultConfigurationIsVisible = 0;
			defaultConfigurationName = Release;
		};
		AD2C31CF2820AB10007157B6 /* Build configuration list for PBXNativeTarget "Test" */ = {
			isa = XCConfigurationList;
			buildConfigurations = (
				AD2C31D02820AB10007157B6 /* Debug */,
				AD2C31D12820AB10007157B6 /* Release */,
			);
			defaultConfigurationIsVisible = 0;
			defaultConfigurationName = Release;
		};
/* End XCConfigurationList section */
	};
	rootObject = AD2C31C02820AB10007157B6 /* Project object */;
}
