<?xml version="1.0" encoding="utf-8"?>
<Project ToolsVersion="4.0" xmlns="http://schemas.microsoft.com/developer/msbuild/2003">
  <ItemGroup>
    <Filter Include="Src">
      <UniqueIdentifier>{71c43c1d-ce73-44d2-aa17-eaab830844c2}</UniqueIdentifier>
    </Filter>
  </ItemGroup>
  <ItemGroup>
    <ClInclude Include="ImageSpace\ImageProcessing.h">
      <Filter>Src</Filter>
    </ClInclude>
    <ClInclude Include="Maths\Vector2d.h">
      <Filter>Src</Filter>
    </ClInclude>
    <ClInclude Include="Maths\Vector3d.h">
      <Filter>Src</Filter>
    </ClInclude>
    <ClInclude Include="ImageSpace\Rasterizer.h" />
    <ClInclude Include="Maths\Maths.h" />
    <ClInclude Include="Maths\Matrix3d.h" />
    <ClInclude Include="Maths\Matrix4d.h" />
    <ClInclude Include="Maths\Quaternion.h" />
    <ClInclude Include="Maths\Bezier.h" />
    <ClInclude Include="Solver\ConjugateGradientSolver.h" />
    <ClInclude Include="Solver\NewtonRaphsonIteration.h" />
    <ClInclude Include="Solver\ProjectiveDynamicsSolver.h" />
    <ClInclude Include="Maths\Array.h" />
    <ClInclude Include="Geometry\ConvexHull2D.h" />
    <ClInclude Include="Maths\Vector4d.h" />
    <ClInclude Include="Solver\NumericalODESolver.h" />
    <ClInclude Include="PositionBasedDynamics\PositionBasedDynamicsSolver.h" />
    <ClInclude Include="LinearSystem\JacobiIteration_CPU.h" />
    <ClInclude Include="LinearSystem\LUFactorization.h" />
    <ClInclude Include="LinearSystem\PolarDecomposition.h" />
    <ClInclude Include="LinearSystem\SVDDecomposition.h" />
    <ClInclude Include="LinearSystem\GaussSeidelIteration_CPU.h" />
    <ClInclude Include="Maths\Box3d.h" />
    <ClInclude Include="Geometry\Tetrahedral.h" />
    <ClInclude Include="LinearSystem\SparseMatrix.h" />
    <ClInclude Include="LinearSystem\DenseMatrix.h" />
    <ClInclude Include="Collision\AABBTree.h" />
    <ClInclude Include="Collision\AABBPruner.h" />
    <ClInclude Include="Collision\AABBTreeOffline.h" />
    <ClInclude Include="Collision\AABBTreeInference.h" />
    <ClInclude Include="LinearSystem\ProjectedGaussSeidel.h" />
    <ClInclude Include="Collision\SparseSpatialHash.h" />
    <ClInclude Include="Collision\GeometryQuery.h" />
    <ClInclude Include="Collision\BroadPhase.h" />
    <ClInclude Include="Collision\NarrowPhase.h" />
    <ClInclude Include="Solver\ExponentialIntegrator.h" />
    <ClInclude Include="RigidBodyDynamics\RigidBody.h" />
    <ClInclude Include="Collision\QuadTree.h" />
    <ClInclude Include="Collision\SAP.h" />
    <ClInclude Include="Collision\EPA.h" />
    <ClInclude Include="Collision\GJK.h" />
    <ClInclude Include="Solver\SparseConjugateGradientSolver.h" />
    <ClInclude Include="Maths\Transform.h" />
    <ClInclude Include="Collision\GeometryCollection.h" />
    <ClInclude Include="Collision\SAP_Incremental.h" />
    <ClInclude Include="Collision\GeometryObject.h" />
    <ClInclude Include="Collision\DynamicAABBTree.h" />
    <ClInclude Include="CollisionPrimitive\OrientedBox3d.h" />
    <ClInclude Include="CollisionPrimitive\Capsule3d.h" />
    <ClInclude Include="CollisionPrimitive\ConvexMesh.h" />
    <ClInclude Include="CollisionPrimitive\Cylinder3d.h" />
    <ClInclude Include="CollisionPrimitive\Plane3d.h" />
    <ClInclude Include="CollisionPrimitive\Ray3d.h" />
    <ClInclude Include="CollisionPrimitive\Sphere3d.h" />
    <ClInclude Include="CollisionPrimitive\Triangle3d.h" />
    <ClInclude Include="CollisionPrimitive\Mesh.h" />
    <ClInclude Include="RigidBodyDynamics\PhysicsWorldRB.h" />
    <ClInclude Include="RigidBodyDynamics\PhysicsEntity.h" />
    <ClInclude Include="Maths\Matrix2d.h" />
    <ClInclude Include="RigidBodyDynamics\MotionIntegration.h" />
    <ClInclude Include="Maths\Frustum.h" />
    <ClInclude Include="Collision\Minkowski.h" />
    <ClInclude Include="Collision\Simplex.h" />
    <ClInclude Include="Collision\Contact.h" />
    <ClInclude Include="RigidBodyDynamics\WarmStart.h" />
    <ClInclude Include="Geometry\ConvexHull3D.h" />
    <ClInclude Include="Geometry\VoxelEngine.h" />
    <ClInclude Include="Geometry\VoxelField.h" />
    <ClInclude Include="Geometry\SparseVoxelField.h" />
    <ClInclude Include="ImageSpace\ContinuousBitmap.h" />
    <ClInclude Include="Collision\ProximityGrid.h" />
    <ClInclude Include="LinearSystem\Tensor.h" />
    <ClInclude Include="Collision\RTree.h" />
    <ClInclude Include="Maths\SIMD.h" />
    <ClInclude Include="Collision\TriangleMesh.h" />
  </ItemGroup>
  <ItemGroup>
    <ClCompile Include="ImageSpace\ImageProcessing.cpp">
      <Filter>Src</Filter>
    </ClCompile>
    <ClCompile Include="Maths\Bezier.cpp" />
    <ClCompile Include="Solver\NewtonRaphsonIteration.cpp" />
    <ClCompile Include="Solver\ProjectiveDynamicsSolver.cpp" />
    <ClCompile Include="Geometry\ConvexHull2D.cpp" />
    <ClCompile Include="Solver\NumericalODESolver.cpp" />
    <ClCompile Include="PositionBasedDynamics\PositionBasedDynamicsSolver.cpp" />
    <ClCompile Include="LinearSystem\PolarDecomposition.cpp" />
    <ClCompile Include="LinearSystem\SVDDecomposition.cpp" />
    <ClCompile Include="Geometry\Tetrahedral.cpp" />
    <ClCompile Include="Collision\AABBTree.cpp" />
    <ClCompile Include="Collision\AABBPruner.cpp" />
    <ClCompile Include="Collision\AABBTreeOffline.cpp" />
    <ClCompile Include="Collision\AABBTreeInference.cpp" />
    <ClCompile Include="Collision\GeometryQuery.cpp" />
    <ClCompile Include="Collision\BroadPhase.cpp" />
    <ClCompile Include="Collision\NarrowPhase.cpp" />
    <ClCompile Include="Collision\GeometryCollection.cpp" />
    <ClCompile Include="Collision\GeometryObject.cpp" />
    <ClCompile Include="Collision\DynamicAABBTree.cpp" />
    <ClCompile Include="RigidBodyDynamics\PhysicsWorldRB.cpp" />
    <ClCompile Include="RigidBodyDynamics\MotionIntegration.cpp" />
    <ClCompile Include="RigidBodyDynamics\RigidBody.cpp" />
    <ClCompile Include="Collision\Contact.cpp" />
    <ClCompile Include="RigidBodyDynamics\WarmStart.cpp" />
    <ClCompile Include="Geometry\ConvexHull3D.cpp" />
    <ClCompile Include="Geometry\VoxelEngine.cpp" />
    <ClCompile Include="Geometry\VoxelField.cpp" />
    <ClCompile Include="Geometry\SparseVoxelField.cpp" />
    <ClCompile Include="Collision\RTree.cpp" />
    <ClCompile Include="Collision\TriangleMesh.cpp" />
  </ItemGroup>
</Project>