<?xml version="1.0" encoding="utf-8"?>
<Project ToolsVersion="4.0" xmlns="http://schemas.microsoft.com/developer/msbuild/2003">
  <ItemGroup>
    <Filter Include="Src">
      <UniqueIdentifier>{71c43c1d-ce73-44d2-aa17-eaab830844c2}</UniqueIdentifier>
    </Filter>
  </ItemGroup>
  <ItemGroup>
    <ClInclude Include="Image\ImageProcessing.h">
      <Filter>Src</Filter>
    </ClInclude>
    <ClInclude Include="Maths\Vector2d.h">
      <Filter>Src</Filter>
    </ClInclude>
    <ClInclude Include="Maths\Vector2i.h">
      <Filter>Src</Filter>
    </ClInclude>
    <ClInclude Include="Maths\Vector3d.h">
      <Filter>Src</Filter>
    </ClInclude>
    <ClInclude Include="Image\Rasterizer.h" />
    <ClInclude Include="Maths\Maths.h" />
    <ClInclude Include="Maths\Matrix3d.h" />
    <ClInclude Include="Maths\Matrix4d.h" />
    <ClInclude Include="Maths\Quaternion.h" />
    <ClInclude Include="Maths\Bezier.h" />
    <ClInclude Include="Solver\ConjugateGradientSolver.h" />
    <ClInclude Include="Solver\NewtonRaphsonIteration.h" />
    <ClInclude Include="Solver\ProjectiveDynamicsSolver.h" />
    <ClInclude Include="Maths\Array.h" />
    <ClInclude Include="Geometry\ConvexHull2D.h" />
    <ClInclude Include="Maths\Vector4d.h" />
    <ClInclude Include="Solver\NumericalODESolver.h" />
    <ClInclude Include="PositionBasedDynamics\PositionBasedDynamicsSolver.h" />
    <ClInclude Include="LinearSystem\JacobiIteration_CPU.h" />
    <ClInclude Include="LinearSystem\LUFactorization.h" />
    <ClInclude Include="LinearSystem\PolarDecomposition.h" />
    <ClInclude Include="LinearSystem\SVDDecomposition.h" />
    <ClInclude Include="LinearSystem\GaussSeidelIteration_CPU.h" />
    <ClInclude Include="Maths\BoundingBox3d.h" />
    <ClInclude Include="Geometry\Capsule.h" />
    <ClInclude Include="Geometry\Convex.h" />
    <ClInclude Include="Geometry\Cylinder.h" />
    <ClInclude Include="Geometry\OrientedBox.h" />
    <ClInclude Include="Geometry\Plane.h" />
    <ClInclude Include="Geometry\Ray.h" />
    <ClInclude Include="Geometry\Sphere.h" />
    <ClInclude Include="Geometry\Triangle.h" />
    <ClInclude Include="Geometry\AxisAlignedBox.h" />
    <ClInclude Include="Geometry\BoxShape.h" />
    <ClInclude Include="Geometry\Tetrahedral.h" />
    <ClInclude Include="Geometry\TriangleMesh.h" />
    <ClInclude Include="Geometry\GeometricObject.h" />
    <ClInclude Include="LinearSystem\SparseMatrix.h" />
    <ClInclude Include="LinearSystem\DenseMatrix.h" />
    <ClInclude Include="Collision\AABBTree.h" />
    <ClInclude Include="Collision\AABBPruner.h" />
  </ItemGroup>
  <ItemGroup>
    <ClCompile Include="Image\ImageProcessing.cpp">
      <Filter>Src</Filter>
    </ClCompile>
    <ClCompile Include="Maths\Maths.cpp" />
    <ClCompile Include="Maths\Bezier.cpp" />
    <ClCompile Include="Solver\NewtonRaphsonIteration.cpp" />
    <ClCompile Include="Solver\ProjectiveDynamicsSolver.cpp" />
    <ClCompile Include="Solver\ConjugateGradientSolver.cpp" />
    <ClCompile Include="Geometry\ConvexHull2D.cpp" />
    <ClCompile Include="Solver\NumericalODESolver.cpp" />
    <ClCompile Include="PositionBasedDynamics\PositionBasedDynamicsSolver.cpp" />
    <ClCompile Include="LinearSystem\PolarDecomposition.cpp" />
    <ClCompile Include="LinearSystem\SVDDecomposition.cpp" />
    <ClCompile Include="Geometry\Tetrahedral.cpp" />
    <ClCompile Include="Collision\AABBTree.cpp" />
    <ClCompile Include="Collision\AABBPruner.cpp" />
  </ItemGroup>
</Project>